
Microsoft Visual Studio Solution File, Format Version 12.00
# Visual Studio Version 17
VisualStudioVersion = 17.1.31911.260
MinimumVisualStudioVersion = 10.0.40219.1
Project("{F184B08F-C81C-45F6-A57F-5ABD9991F28F}") = "test", "test\test.vbproj", "{86B7E885-DF4F-4DC7-83EB-C8B9F901F03C}"
EndProject
Project("{2150E333-8FDC-42A3-9474-1A3956D46DE8}") = "framework", "framework", "{AC1A8044-AB9D-44B2-B570-FBA3A6176545}"
EndProject
Project("{778DAE3C-4631-46EA-AA77-85C1314464D9}") = "Core", "..\..\..\GCModeller\src\runtime\sciBASIC#\Microsoft.VisualBasic.Core\src\Core.vbproj", "{52CE44C3-81CB-487D-8017-846D33448C34}"
EndProject
Project("{778DAE3C-4631-46EA-AA77-85C1314464D9}") = "console.NET5", "console\console.NET5.vbproj", "{08E1C795-1104-4ED9-B7A7-85E5F233A5FE}"
EndProject
Global
	GlobalSection(SolutionConfigurationPlatforms) = preSolution
		BioDeep_database|Any CPU = BioDeep_database|Any CPU
		BioDeep_database|x64 = BioDeep_database|x64
		BioDeep_database|x86 = BioDeep_database|x86
		Biodeep_UNIX_x64|Any CPU = Biodeep_UNIX_x64|Any CPU
		Biodeep_UNIX_x64|x64 = Biodeep_UNIX_x64|x64
		Biodeep_UNIX_x64|x86 = Biodeep_UNIX_x64|x86
		Biodeep|Any CPU = Biodeep|Any CPU
		Biodeep|x64 = Biodeep|x64
		Biodeep|x86 = Biodeep|x86
		Biostack|Any CPU = Biostack|Any CPU
		Biostack|x64 = Biostack|x64
		Biostack|x86 = Biostack|x86
		Biostack-Debug|Any CPU = Biostack-Debug|Any CPU
		Biostack-Debug|x64 = Biostack-Debug|x64
		Biostack-Debug|x86 = Biostack-Debug|x86
		CFD_win32|Any CPU = CFD_win32|Any CPU
		CFD_win32|x64 = CFD_win32|x64
		CFD_win32|x86 = CFD_win32|x86
		Debug|Any CPU = Debug|Any CPU
		Debug|x64 = Debug|x64
		Debug|x86 = Debug|x86
		DEMO|Any CPU = DEMO|Any CPU
		DEMO|x64 = DEMO|x64
		DEMO|x86 = DEMO|x86
		Desktop|Any CPU = Desktop|Any CPU
		Desktop|x64 = Desktop|x64
		Desktop|x86 = Desktop|x86
		Docker|Any CPU = Docker|Any CPU
		Docker|x64 = Docker|x64
		Docker|x86 = Docker|x86
		docs|Any CPU = docs|Any CPU
		docs|x64 = docs|x64
		docs|x86 = docs|x86
		GCModeller(Release_X64)|Any CPU = GCModeller(Release_X64)|Any CPU
		GCModeller(Release_X64)|x64 = GCModeller(Release_X64)|x64
		GCModeller(Release_X64)|x86 = GCModeller(Release_X64)|x86
		GCModeller(UNIX-Release_X64)|Any CPU = GCModeller(UNIX-Release_X64)|Any CPU
		GCModeller(UNIX-Release_X64)|x64 = GCModeller(UNIX-Release_X64)|x64
		GCModeller(UNIX-Release_X64)|x86 = GCModeller(UNIX-Release_X64)|x86
		gcmodeller_desktop|Any CPU = gcmodeller_desktop|Any CPU
		gcmodeller_desktop|x64 = gcmodeller_desktop|x64
		gcmodeller_desktop|x86 = gcmodeller_desktop|x86
		GTA5-game-test|Any CPU = GTA5-game-test|Any CPU
		GTA5-game-test|x64 = GTA5-game-test|x64
		GTA5-game-test|x86 = GTA5-game-test|x86
		installer_x64|Any CPU = installer_x64|Any CPU
		installer_x64|x64 = installer_x64|x64
		installer_x64|x86 = installer_x64|x86
		linux-profiler|Any CPU = linux-profiler|Any CPU
		linux-profiler|x64 = linux-profiler|x64
		linux-profiler|x86 = linux-profiler|x86
		LipidSearch|Any CPU = LipidSearch|Any CPU
		LipidSearch|x64 = LipidSearch|x64
		LipidSearch|x86 = LipidSearch|x86
		MetaCardio|Any CPU = MetaCardio|Any CPU
		MetaCardio|x64 = MetaCardio|x64
		MetaCardio|x86 = MetaCardio|x86
		mysqli_X64_release|Any CPU = mysqli_X64_release|Any CPU
		mysqli_X64_release|x64 = mysqli_X64_release|x64
		mysqli_X64_release|x86 = mysqli_X64_release|x86
		mzkit_UnixDocker|Any CPU = mzkit_UnixDocker|Any CPU
		mzkit_UnixDocker|x64 = mzkit_UnixDocker|x64
		mzkit_UnixDocker|x86 = mzkit_UnixDocker|x86
		mzkit_win32|Any CPU = mzkit_win32|Any CPU
		mzkit_win32|x64 = mzkit_win32|x64
		mzkit_win32|x86 = mzkit_win32|x86
		mzkit|Any CPU = mzkit|Any CPU
		mzkit|x64 = mzkit|x64
		mzkit|x86 = mzkit|x86
		node-debug|Any CPU = node-debug|Any CPU
		node-debug|x64 = node-debug|x64
		node-debug|x86 = node-debug|x86
		NPSearch|Any CPU = NPSearch|Any CPU
		NPSearch|x64 = NPSearch|x64
		NPSearch|x86 = NPSearch|x86
		nuget_release|Any CPU = nuget_release|Any CPU
		nuget_release|x64 = nuget_release|x64
		nuget_release|x86 = nuget_release|x86
		PlantMAT|Any CPU = PlantMAT|Any CPU
		PlantMAT|x64 = PlantMAT|x64
		PlantMAT|x86 = PlantMAT|x86
		ProteoWizard.d|Any CPU = ProteoWizard.d|Any CPU
		ProteoWizard.d|x64 = ProteoWizard.d|x64
		ProteoWizard.d|x86 = ProteoWizard.d|x86
		Publish|Any CPU = Publish|Any CPU
		Publish|x64 = Publish|x64
		Publish|x86 = Publish|x86
		R-dotnet|Any CPU = R-dotnet|Any CPU
		R-dotnet|x64 = R-dotnet|x64
		R-dotnet|x86 = R-dotnet|x86
		Release|Any CPU = Release|Any CPU
		Release|x64 = Release|x64
		Release|x86 = Release|x86
		Rsharp_app_release|Any CPU = Rsharp_app_release|Any CPU
		Rsharp_app_release|x64 = Rsharp_app_release|x64
		Rsharp_app_release|x86 = Rsharp_app_release|x86
		RsharpDev|Any CPU = RsharpDev|Any CPU
		RsharpDev|x64 = RsharpDev|x64
		RsharpDev|x86 = RsharpDev|x86
		sciBASIC.NET-test-release|Any CPU = sciBASIC.NET-test-release|Any CPU
		sciBASIC.NET-test-release|x64 = sciBASIC.NET-test-release|x64
		sciBASIC.NET-test-release|x86 = sciBASIC.NET-test-release|x86
		Surveillance-of-infectious-diseases|Any CPU = Surveillance-of-infectious-diseases|Any CPU
		Surveillance-of-infectious-diseases|x64 = Surveillance-of-infectious-diseases|x64
		Surveillance-of-infectious-diseases|x86 = Surveillance-of-infectious-diseases|x86
		test|Any CPU = test|Any CPU
		test|x64 = test|x64
		test|x86 = test|x86
		vcellkit|Any CPU = vcellkit|Any CPU
		vcellkit|x64 = vcellkit|x64
		vcellkit|x86 = vcellkit|x86
		Voyager1|Any CPU = Voyager1|Any CPU
		Voyager1|x64 = Voyager1|x64
		Voyager1|x86 = Voyager1|x86
		WebAssembly|Any CPU = WebAssembly|Any CPU
		WebAssembly|x64 = WebAssembly|x64
		WebAssembly|x86 = WebAssembly|x86
		Yilia-Release_x64|Any CPU = Yilia-Release_x64|Any CPU
		Yilia-Release_x64|x64 = Yilia-Release_x64|x64
		Yilia-Release_x64|x86 = Yilia-Release_x64|x86
	EndGlobalSection
	GlobalSection(ProjectConfigurationPlatforms) = postSolution
		{86B7E885-DF4F-4DC7-83EB-C8B9F901F03C}.BioDeep_database|Any CPU.ActiveCfg = Debug|Any CPU
		{86B7E885-DF4F-4DC7-83EB-C8B9F901F03C}.BioDeep_database|Any CPU.Build.0 = Debug|Any CPU
		{86B7E885-DF4F-4DC7-83EB-C8B9F901F03C}.BioDeep_database|x64.ActiveCfg = Debug|Any CPU
		{86B7E885-DF4F-4DC7-83EB-C8B9F901F03C}.BioDeep_database|x64.Build.0 = Debug|Any CPU
		{86B7E885-DF4F-4DC7-83EB-C8B9F901F03C}.BioDeep_database|x86.ActiveCfg = Debug|Any CPU
		{86B7E885-DF4F-4DC7-83EB-C8B9F901F03C}.BioDeep_database|x86.Build.0 = Debug|Any CPU
		{86B7E885-DF4F-4DC7-83EB-C8B9F901F03C}.Biodeep_UNIX_x64|Any CPU.ActiveCfg = Debug|Any CPU
		{86B7E885-DF4F-4DC7-83EB-C8B9F901F03C}.Biodeep_UNIX_x64|Any CPU.Build.0 = Debug|Any CPU
		{86B7E885-DF4F-4DC7-83EB-C8B9F901F03C}.Biodeep_UNIX_x64|x64.ActiveCfg = Debug|Any CPU
		{86B7E885-DF4F-4DC7-83EB-C8B9F901F03C}.Biodeep_UNIX_x64|x64.Build.0 = Debug|Any CPU
		{86B7E885-DF4F-4DC7-83EB-C8B9F901F03C}.Biodeep_UNIX_x64|x86.ActiveCfg = Debug|Any CPU
		{86B7E885-DF4F-4DC7-83EB-C8B9F901F03C}.Biodeep_UNIX_x64|x86.Build.0 = Debug|Any CPU
		{86B7E885-DF4F-4DC7-83EB-C8B9F901F03C}.Biodeep|Any CPU.ActiveCfg = Debug|Any CPU
		{86B7E885-DF4F-4DC7-83EB-C8B9F901F03C}.Biodeep|Any CPU.Build.0 = Debug|Any CPU
		{86B7E885-DF4F-4DC7-83EB-C8B9F901F03C}.Biodeep|x64.ActiveCfg = Debug|Any CPU
		{86B7E885-DF4F-4DC7-83EB-C8B9F901F03C}.Biodeep|x64.Build.0 = Debug|Any CPU
		{86B7E885-DF4F-4DC7-83EB-C8B9F901F03C}.Biodeep|x86.ActiveCfg = Debug|Any CPU
		{86B7E885-DF4F-4DC7-83EB-C8B9F901F03C}.Biodeep|x86.Build.0 = Debug|Any CPU
		{86B7E885-DF4F-4DC7-83EB-C8B9F901F03C}.Biostack|Any CPU.ActiveCfg = Debug|Any CPU
		{86B7E885-DF4F-4DC7-83EB-C8B9F901F03C}.Biostack|Any CPU.Build.0 = Debug|Any CPU
		{86B7E885-DF4F-4DC7-83EB-C8B9F901F03C}.Biostack|x64.ActiveCfg = Debug|Any CPU
		{86B7E885-DF4F-4DC7-83EB-C8B9F901F03C}.Biostack|x64.Build.0 = Debug|Any CPU
		{86B7E885-DF4F-4DC7-83EB-C8B9F901F03C}.Biostack|x86.ActiveCfg = Debug|Any CPU
		{86B7E885-DF4F-4DC7-83EB-C8B9F901F03C}.Biostack|x86.Build.0 = Debug|Any CPU
		{86B7E885-DF4F-4DC7-83EB-C8B9F901F03C}.Biostack-Debug|Any CPU.ActiveCfg = Debug|Any CPU
		{86B7E885-DF4F-4DC7-83EB-C8B9F901F03C}.Biostack-Debug|Any CPU.Build.0 = Debug|Any CPU
		{86B7E885-DF4F-4DC7-83EB-C8B9F901F03C}.Biostack-Debug|x64.ActiveCfg = Debug|Any CPU
		{86B7E885-DF4F-4DC7-83EB-C8B9F901F03C}.Biostack-Debug|x64.Build.0 = Debug|Any CPU
		{86B7E885-DF4F-4DC7-83EB-C8B9F901F03C}.Biostack-Debug|x86.ActiveCfg = Debug|Any CPU
		{86B7E885-DF4F-4DC7-83EB-C8B9F901F03C}.Biostack-Debug|x86.Build.0 = Debug|Any CPU
		{86B7E885-DF4F-4DC7-83EB-C8B9F901F03C}.CFD_win32|Any CPU.ActiveCfg = Release|Any CPU
		{86B7E885-DF4F-4DC7-83EB-C8B9F901F03C}.CFD_win32|Any CPU.Build.0 = Release|Any CPU
		{86B7E885-DF4F-4DC7-83EB-C8B9F901F03C}.CFD_win32|x64.ActiveCfg = Release|x64
		{86B7E885-DF4F-4DC7-83EB-C8B9F901F03C}.CFD_win32|x64.Build.0 = Release|x64
		{86B7E885-DF4F-4DC7-83EB-C8B9F901F03C}.CFD_win32|x86.ActiveCfg = Release|Any CPU
		{86B7E885-DF4F-4DC7-83EB-C8B9F901F03C}.CFD_win32|x86.Build.0 = Release|Any CPU
		{86B7E885-DF4F-4DC7-83EB-C8B9F901F03C}.Debug|Any CPU.ActiveCfg = Debug|Any CPU
		{86B7E885-DF4F-4DC7-83EB-C8B9F901F03C}.Debug|Any CPU.Build.0 = Debug|Any CPU
		{86B7E885-DF4F-4DC7-83EB-C8B9F901F03C}.Debug|x64.ActiveCfg = Debug|x64
		{86B7E885-DF4F-4DC7-83EB-C8B9F901F03C}.Debug|x64.Build.0 = Debug|x64
		{86B7E885-DF4F-4DC7-83EB-C8B9F901F03C}.Debug|x86.ActiveCfg = Debug|Any CPU
		{86B7E885-DF4F-4DC7-83EB-C8B9F901F03C}.Debug|x86.Build.0 = Debug|Any CPU
		{86B7E885-DF4F-4DC7-83EB-C8B9F901F03C}.DEMO|Any CPU.ActiveCfg = Debug|Any CPU
		{86B7E885-DF4F-4DC7-83EB-C8B9F901F03C}.DEMO|Any CPU.Build.0 = Debug|Any CPU
		{86B7E885-DF4F-4DC7-83EB-C8B9F901F03C}.DEMO|x64.ActiveCfg = Debug|Any CPU
		{86B7E885-DF4F-4DC7-83EB-C8B9F901F03C}.DEMO|x64.Build.0 = Debug|Any CPU
		{86B7E885-DF4F-4DC7-83EB-C8B9F901F03C}.DEMO|x86.ActiveCfg = Debug|Any CPU
		{86B7E885-DF4F-4DC7-83EB-C8B9F901F03C}.DEMO|x86.Build.0 = Debug|Any CPU
		{86B7E885-DF4F-4DC7-83EB-C8B9F901F03C}.Desktop|Any CPU.ActiveCfg = Debug|Any CPU
		{86B7E885-DF4F-4DC7-83EB-C8B9F901F03C}.Desktop|Any CPU.Build.0 = Debug|Any CPU
		{86B7E885-DF4F-4DC7-83EB-C8B9F901F03C}.Desktop|x64.ActiveCfg = Debug|x64
		{86B7E885-DF4F-4DC7-83EB-C8B9F901F03C}.Desktop|x64.Build.0 = Debug|x64
		{86B7E885-DF4F-4DC7-83EB-C8B9F901F03C}.Desktop|x86.ActiveCfg = Debug|Any CPU
		{86B7E885-DF4F-4DC7-83EB-C8B9F901F03C}.Desktop|x86.Build.0 = Debug|Any CPU
		{86B7E885-DF4F-4DC7-83EB-C8B9F901F03C}.Docker|Any CPU.ActiveCfg = Debug|Any CPU
		{86B7E885-DF4F-4DC7-83EB-C8B9F901F03C}.Docker|Any CPU.Build.0 = Debug|Any CPU
		{86B7E885-DF4F-4DC7-83EB-C8B9F901F03C}.Docker|x64.ActiveCfg = Debug|x64
		{86B7E885-DF4F-4DC7-83EB-C8B9F901F03C}.Docker|x64.Build.0 = Debug|x64
		{86B7E885-DF4F-4DC7-83EB-C8B9F901F03C}.Docker|x86.ActiveCfg = Debug|Any CPU
		{86B7E885-DF4F-4DC7-83EB-C8B9F901F03C}.Docker|x86.Build.0 = Debug|Any CPU
		{86B7E885-DF4F-4DC7-83EB-C8B9F901F03C}.docs|Any CPU.ActiveCfg = Debug|Any CPU
		{86B7E885-DF4F-4DC7-83EB-C8B9F901F03C}.docs|Any CPU.Build.0 = Debug|Any CPU
		{86B7E885-DF4F-4DC7-83EB-C8B9F901F03C}.docs|x64.ActiveCfg = Debug|Any CPU
		{86B7E885-DF4F-4DC7-83EB-C8B9F901F03C}.docs|x64.Build.0 = Debug|Any CPU
		{86B7E885-DF4F-4DC7-83EB-C8B9F901F03C}.docs|x86.ActiveCfg = Debug|Any CPU
		{86B7E885-DF4F-4DC7-83EB-C8B9F901F03C}.docs|x86.Build.0 = Debug|Any CPU
		{86B7E885-DF4F-4DC7-83EB-C8B9F901F03C}.GCModeller(Release_X64)|Any CPU.ActiveCfg = Release|Any CPU
		{86B7E885-DF4F-4DC7-83EB-C8B9F901F03C}.GCModeller(Release_X64)|Any CPU.Build.0 = Release|Any CPU
		{86B7E885-DF4F-4DC7-83EB-C8B9F901F03C}.GCModeller(Release_X64)|x64.ActiveCfg = Release|Any CPU
		{86B7E885-DF4F-4DC7-83EB-C8B9F901F03C}.GCModeller(Release_X64)|x64.Build.0 = Release|Any CPU
		{86B7E885-DF4F-4DC7-83EB-C8B9F901F03C}.GCModeller(Release_X64)|x86.ActiveCfg = Release|Any CPU
		{86B7E885-DF4F-4DC7-83EB-C8B9F901F03C}.GCModeller(Release_X64)|x86.Build.0 = Release|Any CPU
		{86B7E885-DF4F-4DC7-83EB-C8B9F901F03C}.GCModeller(UNIX-Release_X64)|Any CPU.ActiveCfg = Release|Any CPU
		{86B7E885-DF4F-4DC7-83EB-C8B9F901F03C}.GCModeller(UNIX-Release_X64)|Any CPU.Build.0 = Release|Any CPU
		{86B7E885-DF4F-4DC7-83EB-C8B9F901F03C}.GCModeller(UNIX-Release_X64)|x64.ActiveCfg = Release|Any CPU
		{86B7E885-DF4F-4DC7-83EB-C8B9F901F03C}.GCModeller(UNIX-Release_X64)|x64.Build.0 = Release|Any CPU
		{86B7E885-DF4F-4DC7-83EB-C8B9F901F03C}.GCModeller(UNIX-Release_X64)|x86.ActiveCfg = Release|Any CPU
		{86B7E885-DF4F-4DC7-83EB-C8B9F901F03C}.GCModeller(UNIX-Release_X64)|x86.Build.0 = Release|Any CPU
		{86B7E885-DF4F-4DC7-83EB-C8B9F901F03C}.gcmodeller_desktop|Any CPU.ActiveCfg = Release|Any CPU
		{86B7E885-DF4F-4DC7-83EB-C8B9F901F03C}.gcmodeller_desktop|Any CPU.Build.0 = Release|Any CPU
		{86B7E885-DF4F-4DC7-83EB-C8B9F901F03C}.gcmodeller_desktop|x64.ActiveCfg = Release|x64
		{86B7E885-DF4F-4DC7-83EB-C8B9F901F03C}.gcmodeller_desktop|x64.Build.0 = Release|x64
		{86B7E885-DF4F-4DC7-83EB-C8B9F901F03C}.gcmodeller_desktop|x86.ActiveCfg = Release|Any CPU
		{86B7E885-DF4F-4DC7-83EB-C8B9F901F03C}.gcmodeller_desktop|x86.Build.0 = Release|Any CPU
		{86B7E885-DF4F-4DC7-83EB-C8B9F901F03C}.GTA5-game-test|Any CPU.ActiveCfg = Debug|Any CPU
		{86B7E885-DF4F-4DC7-83EB-C8B9F901F03C}.GTA5-game-test|Any CPU.Build.0 = Debug|Any CPU
		{86B7E885-DF4F-4DC7-83EB-C8B9F901F03C}.GTA5-game-test|x64.ActiveCfg = Debug|Any CPU
		{86B7E885-DF4F-4DC7-83EB-C8B9F901F03C}.GTA5-game-test|x64.Build.0 = Debug|Any CPU
		{86B7E885-DF4F-4DC7-83EB-C8B9F901F03C}.GTA5-game-test|x86.ActiveCfg = Debug|Any CPU
		{86B7E885-DF4F-4DC7-83EB-C8B9F901F03C}.GTA5-game-test|x86.Build.0 = Debug|Any CPU
		{86B7E885-DF4F-4DC7-83EB-C8B9F901F03C}.installer_x64|Any CPU.ActiveCfg = Debug|Any CPU
		{86B7E885-DF4F-4DC7-83EB-C8B9F901F03C}.installer_x64|Any CPU.Build.0 = Debug|Any CPU
		{86B7E885-DF4F-4DC7-83EB-C8B9F901F03C}.installer_x64|x64.ActiveCfg = Debug|Any CPU
		{86B7E885-DF4F-4DC7-83EB-C8B9F901F03C}.installer_x64|x64.Build.0 = Debug|Any CPU
		{86B7E885-DF4F-4DC7-83EB-C8B9F901F03C}.installer_x64|x86.ActiveCfg = Debug|Any CPU
		{86B7E885-DF4F-4DC7-83EB-C8B9F901F03C}.installer_x64|x86.Build.0 = Debug|Any CPU
		{86B7E885-DF4F-4DC7-83EB-C8B9F901F03C}.linux-profiler|Any CPU.ActiveCfg = Release|Any CPU
		{86B7E885-DF4F-4DC7-83EB-C8B9F901F03C}.linux-profiler|Any CPU.Build.0 = Release|Any CPU
		{86B7E885-DF4F-4DC7-83EB-C8B9F901F03C}.linux-profiler|x64.ActiveCfg = Release|x64
		{86B7E885-DF4F-4DC7-83EB-C8B9F901F03C}.linux-profiler|x64.Build.0 = Release|x64
		{86B7E885-DF4F-4DC7-83EB-C8B9F901F03C}.linux-profiler|x86.ActiveCfg = Release|Any CPU
		{86B7E885-DF4F-4DC7-83EB-C8B9F901F03C}.linux-profiler|x86.Build.0 = Release|Any CPU
		{86B7E885-DF4F-4DC7-83EB-C8B9F901F03C}.LipidSearch|Any CPU.ActiveCfg = Release|Any CPU
		{86B7E885-DF4F-4DC7-83EB-C8B9F901F03C}.LipidSearch|Any CPU.Build.0 = Release|Any CPU
		{86B7E885-DF4F-4DC7-83EB-C8B9F901F03C}.LipidSearch|x64.ActiveCfg = Release|x64
		{86B7E885-DF4F-4DC7-83EB-C8B9F901F03C}.LipidSearch|x64.Build.0 = Release|x64
		{86B7E885-DF4F-4DC7-83EB-C8B9F901F03C}.LipidSearch|x86.ActiveCfg = Release|Any CPU
		{86B7E885-DF4F-4DC7-83EB-C8B9F901F03C}.LipidSearch|x86.Build.0 = Release|Any CPU
		{86B7E885-DF4F-4DC7-83EB-C8B9F901F03C}.MetaCardio|Any CPU.ActiveCfg = Release|Any CPU
		{86B7E885-DF4F-4DC7-83EB-C8B9F901F03C}.MetaCardio|Any CPU.Build.0 = Release|Any CPU
		{86B7E885-DF4F-4DC7-83EB-C8B9F901F03C}.MetaCardio|x64.ActiveCfg = Release|x64
		{86B7E885-DF4F-4DC7-83EB-C8B9F901F03C}.MetaCardio|x64.Build.0 = Release|x64
		{86B7E885-DF4F-4DC7-83EB-C8B9F901F03C}.MetaCardio|x86.ActiveCfg = Release|Any CPU
		{86B7E885-DF4F-4DC7-83EB-C8B9F901F03C}.MetaCardio|x86.Build.0 = Release|Any CPU
		{86B7E885-DF4F-4DC7-83EB-C8B9F901F03C}.mysqli_X64_release|Any CPU.ActiveCfg = Debug|Any CPU
		{86B7E885-DF4F-4DC7-83EB-C8B9F901F03C}.mysqli_X64_release|Any CPU.Build.0 = Debug|Any CPU
		{86B7E885-DF4F-4DC7-83EB-C8B9F901F03C}.mysqli_X64_release|x64.ActiveCfg = Debug|Any CPU
		{86B7E885-DF4F-4DC7-83EB-C8B9F901F03C}.mysqli_X64_release|x64.Build.0 = Debug|Any CPU
		{86B7E885-DF4F-4DC7-83EB-C8B9F901F03C}.mysqli_X64_release|x86.ActiveCfg = Debug|Any CPU
		{86B7E885-DF4F-4DC7-83EB-C8B9F901F03C}.mysqli_X64_release|x86.Build.0 = Debug|Any CPU
		{86B7E885-DF4F-4DC7-83EB-C8B9F901F03C}.mzkit_UnixDocker|Any CPU.ActiveCfg = Release|Any CPU
		{86B7E885-DF4F-4DC7-83EB-C8B9F901F03C}.mzkit_UnixDocker|Any CPU.Build.0 = Release|Any CPU
		{86B7E885-DF4F-4DC7-83EB-C8B9F901F03C}.mzkit_UnixDocker|x64.ActiveCfg = Release|x64
		{86B7E885-DF4F-4DC7-83EB-C8B9F901F03C}.mzkit_UnixDocker|x64.Build.0 = Release|x64
		{86B7E885-DF4F-4DC7-83EB-C8B9F901F03C}.mzkit_UnixDocker|x86.ActiveCfg = Release|Any CPU
		{86B7E885-DF4F-4DC7-83EB-C8B9F901F03C}.mzkit_UnixDocker|x86.Build.0 = Release|Any CPU
		{86B7E885-DF4F-4DC7-83EB-C8B9F901F03C}.mzkit_win32|Any CPU.ActiveCfg = Release|Any CPU
		{86B7E885-DF4F-4DC7-83EB-C8B9F901F03C}.mzkit_win32|Any CPU.Build.0 = Release|Any CPU
		{86B7E885-DF4F-4DC7-83EB-C8B9F901F03C}.mzkit_win32|x64.ActiveCfg = Release|x64
		{86B7E885-DF4F-4DC7-83EB-C8B9F901F03C}.mzkit_win32|x64.Build.0 = Release|x64
		{86B7E885-DF4F-4DC7-83EB-C8B9F901F03C}.mzkit_win32|x86.ActiveCfg = Release|Any CPU
		{86B7E885-DF4F-4DC7-83EB-C8B9F901F03C}.mzkit_win32|x86.Build.0 = Release|Any CPU
		{86B7E885-DF4F-4DC7-83EB-C8B9F901F03C}.mzkit|Any CPU.ActiveCfg = Debug|Any CPU
		{86B7E885-DF4F-4DC7-83EB-C8B9F901F03C}.mzkit|Any CPU.Build.0 = Debug|Any CPU
		{86B7E885-DF4F-4DC7-83EB-C8B9F901F03C}.mzkit|x64.ActiveCfg = Debug|Any CPU
		{86B7E885-DF4F-4DC7-83EB-C8B9F901F03C}.mzkit|x64.Build.0 = Debug|Any CPU
		{86B7E885-DF4F-4DC7-83EB-C8B9F901F03C}.mzkit|x86.ActiveCfg = Debug|Any CPU
		{86B7E885-DF4F-4DC7-83EB-C8B9F901F03C}.mzkit|x86.Build.0 = Debug|Any CPU
		{86B7E885-DF4F-4DC7-83EB-C8B9F901F03C}.node-debug|Any CPU.ActiveCfg = Debug|Any CPU
		{86B7E885-DF4F-4DC7-83EB-C8B9F901F03C}.node-debug|Any CPU.Build.0 = Debug|Any CPU
		{86B7E885-DF4F-4DC7-83EB-C8B9F901F03C}.node-debug|x64.ActiveCfg = Debug|Any CPU
		{86B7E885-DF4F-4DC7-83EB-C8B9F901F03C}.node-debug|x64.Build.0 = Debug|Any CPU
		{86B7E885-DF4F-4DC7-83EB-C8B9F901F03C}.node-debug|x86.ActiveCfg = Debug|Any CPU
		{86B7E885-DF4F-4DC7-83EB-C8B9F901F03C}.node-debug|x86.Build.0 = Debug|Any CPU
		{86B7E885-DF4F-4DC7-83EB-C8B9F901F03C}.NPSearch|Any CPU.ActiveCfg = Release|Any CPU
		{86B7E885-DF4F-4DC7-83EB-C8B9F901F03C}.NPSearch|Any CPU.Build.0 = Release|Any CPU
		{86B7E885-DF4F-4DC7-83EB-C8B9F901F03C}.NPSearch|x64.ActiveCfg = Release|x64
		{86B7E885-DF4F-4DC7-83EB-C8B9F901F03C}.NPSearch|x64.Build.0 = Release|x64
		{86B7E885-DF4F-4DC7-83EB-C8B9F901F03C}.NPSearch|x86.ActiveCfg = Release|Any CPU
		{86B7E885-DF4F-4DC7-83EB-C8B9F901F03C}.NPSearch|x86.Build.0 = Release|Any CPU
		{86B7E885-DF4F-4DC7-83EB-C8B9F901F03C}.nuget_release|Any CPU.ActiveCfg = Release|Any CPU
		{86B7E885-DF4F-4DC7-83EB-C8B9F901F03C}.nuget_release|Any CPU.Build.0 = Release|Any CPU
		{86B7E885-DF4F-4DC7-83EB-C8B9F901F03C}.nuget_release|x64.ActiveCfg = Release|x64
		{86B7E885-DF4F-4DC7-83EB-C8B9F901F03C}.nuget_release|x64.Build.0 = Release|x64
		{86B7E885-DF4F-4DC7-83EB-C8B9F901F03C}.nuget_release|x86.ActiveCfg = Release|Any CPU
		{86B7E885-DF4F-4DC7-83EB-C8B9F901F03C}.nuget_release|x86.Build.0 = Release|Any CPU
		{86B7E885-DF4F-4DC7-83EB-C8B9F901F03C}.PlantMAT|Any CPU.ActiveCfg = Debug|Any CPU
		{86B7E885-DF4F-4DC7-83EB-C8B9F901F03C}.PlantMAT|Any CPU.Build.0 = Debug|Any CPU
		{86B7E885-DF4F-4DC7-83EB-C8B9F901F03C}.PlantMAT|x64.ActiveCfg = Debug|Any CPU
		{86B7E885-DF4F-4DC7-83EB-C8B9F901F03C}.PlantMAT|x64.Build.0 = Debug|Any CPU
		{86B7E885-DF4F-4DC7-83EB-C8B9F901F03C}.PlantMAT|x86.ActiveCfg = Debug|Any CPU
		{86B7E885-DF4F-4DC7-83EB-C8B9F901F03C}.PlantMAT|x86.Build.0 = Debug|Any CPU
		{86B7E885-DF4F-4DC7-83EB-C8B9F901F03C}.ProteoWizard.d|Any CPU.ActiveCfg = Debug|Any CPU
		{86B7E885-DF4F-4DC7-83EB-C8B9F901F03C}.ProteoWizard.d|Any CPU.Build.0 = Debug|Any CPU
		{86B7E885-DF4F-4DC7-83EB-C8B9F901F03C}.ProteoWizard.d|x64.ActiveCfg = Debug|Any CPU
		{86B7E885-DF4F-4DC7-83EB-C8B9F901F03C}.ProteoWizard.d|x64.Build.0 = Debug|Any CPU
		{86B7E885-DF4F-4DC7-83EB-C8B9F901F03C}.ProteoWizard.d|x86.ActiveCfg = Debug|Any CPU
		{86B7E885-DF4F-4DC7-83EB-C8B9F901F03C}.ProteoWizard.d|x86.Build.0 = Debug|Any CPU
		{86B7E885-DF4F-4DC7-83EB-C8B9F901F03C}.Publish|Any CPU.ActiveCfg = Debug|Any CPU
		{86B7E885-DF4F-4DC7-83EB-C8B9F901F03C}.Publish|Any CPU.Build.0 = Debug|Any CPU
		{86B7E885-DF4F-4DC7-83EB-C8B9F901F03C}.Publish|x64.ActiveCfg = Release|x64
		{86B7E885-DF4F-4DC7-83EB-C8B9F901F03C}.Publish|x64.Build.0 = Release|x64
		{86B7E885-DF4F-4DC7-83EB-C8B9F901F03C}.Publish|x86.ActiveCfg = Debug|Any CPU
		{86B7E885-DF4F-4DC7-83EB-C8B9F901F03C}.Publish|x86.Build.0 = Debug|Any CPU
		{86B7E885-DF4F-4DC7-83EB-C8B9F901F03C}.R-dotnet|Any CPU.ActiveCfg = Release|Any CPU
		{86B7E885-DF4F-4DC7-83EB-C8B9F901F03C}.R-dotnet|Any CPU.Build.0 = Release|Any CPU
		{86B7E885-DF4F-4DC7-83EB-C8B9F901F03C}.R-dotnet|x64.ActiveCfg = Release|x64
		{86B7E885-DF4F-4DC7-83EB-C8B9F901F03C}.R-dotnet|x64.Build.0 = Release|x64
		{86B7E885-DF4F-4DC7-83EB-C8B9F901F03C}.R-dotnet|x86.ActiveCfg = Release|Any CPU
		{86B7E885-DF4F-4DC7-83EB-C8B9F901F03C}.R-dotnet|x86.Build.0 = Release|Any CPU
		{86B7E885-DF4F-4DC7-83EB-C8B9F901F03C}.Release|Any CPU.ActiveCfg = Release|Any CPU
		{86B7E885-DF4F-4DC7-83EB-C8B9F901F03C}.Release|Any CPU.Build.0 = Release|Any CPU
		{86B7E885-DF4F-4DC7-83EB-C8B9F901F03C}.Release|x64.ActiveCfg = Release|x64
		{86B7E885-DF4F-4DC7-83EB-C8B9F901F03C}.Release|x64.Build.0 = Release|x64
		{86B7E885-DF4F-4DC7-83EB-C8B9F901F03C}.Release|x86.ActiveCfg = Release|Any CPU
		{86B7E885-DF4F-4DC7-83EB-C8B9F901F03C}.Release|x86.Build.0 = Release|Any CPU
		{86B7E885-DF4F-4DC7-83EB-C8B9F901F03C}.Rsharp_app_release|Any CPU.ActiveCfg = Release|Any CPU
		{86B7E885-DF4F-4DC7-83EB-C8B9F901F03C}.Rsharp_app_release|Any CPU.Build.0 = Release|Any CPU
		{86B7E885-DF4F-4DC7-83EB-C8B9F901F03C}.Rsharp_app_release|x64.ActiveCfg = Release|Any CPU
		{86B7E885-DF4F-4DC7-83EB-C8B9F901F03C}.Rsharp_app_release|x64.Build.0 = Release|Any CPU
		{86B7E885-DF4F-4DC7-83EB-C8B9F901F03C}.Rsharp_app_release|x86.ActiveCfg = Release|Any CPU
		{86B7E885-DF4F-4DC7-83EB-C8B9F901F03C}.Rsharp_app_release|x86.Build.0 = Release|Any CPU
		{86B7E885-DF4F-4DC7-83EB-C8B9F901F03C}.RsharpDev|Any CPU.ActiveCfg = Release|Any CPU
		{86B7E885-DF4F-4DC7-83EB-C8B9F901F03C}.RsharpDev|Any CPU.Build.0 = Release|Any CPU
		{86B7E885-DF4F-4DC7-83EB-C8B9F901F03C}.RsharpDev|x64.ActiveCfg = Release|x64
		{86B7E885-DF4F-4DC7-83EB-C8B9F901F03C}.RsharpDev|x64.Build.0 = Release|x64
		{86B7E885-DF4F-4DC7-83EB-C8B9F901F03C}.RsharpDev|x86.ActiveCfg = Release|Any CPU
		{86B7E885-DF4F-4DC7-83EB-C8B9F901F03C}.RsharpDev|x86.Build.0 = Release|Any CPU
		{86B7E885-DF4F-4DC7-83EB-C8B9F901F03C}.sciBASIC.NET-test-release|Any CPU.ActiveCfg = Debug|Any CPU
		{86B7E885-DF4F-4DC7-83EB-C8B9F901F03C}.sciBASIC.NET-test-release|Any CPU.Build.0 = Debug|Any CPU
		{86B7E885-DF4F-4DC7-83EB-C8B9F901F03C}.sciBASIC.NET-test-release|x64.ActiveCfg = Debug|Any CPU
		{86B7E885-DF4F-4DC7-83EB-C8B9F901F03C}.sciBASIC.NET-test-release|x64.Build.0 = Debug|Any CPU
		{86B7E885-DF4F-4DC7-83EB-C8B9F901F03C}.sciBASIC.NET-test-release|x86.ActiveCfg = Debug|Any CPU
		{86B7E885-DF4F-4DC7-83EB-C8B9F901F03C}.sciBASIC.NET-test-release|x86.Build.0 = Debug|Any CPU
		{86B7E885-DF4F-4DC7-83EB-C8B9F901F03C}.Surveillance-of-infectious-diseases|Any CPU.ActiveCfg = Debug|Any CPU
		{86B7E885-DF4F-4DC7-83EB-C8B9F901F03C}.Surveillance-of-infectious-diseases|Any CPU.Build.0 = Debug|Any CPU
		{86B7E885-DF4F-4DC7-83EB-C8B9F901F03C}.Surveillance-of-infectious-diseases|x64.ActiveCfg = Debug|Any CPU
		{86B7E885-DF4F-4DC7-83EB-C8B9F901F03C}.Surveillance-of-infectious-diseases|x64.Build.0 = Debug|Any CPU
		{86B7E885-DF4F-4DC7-83EB-C8B9F901F03C}.Surveillance-of-infectious-diseases|x86.ActiveCfg = Debug|Any CPU
		{86B7E885-DF4F-4DC7-83EB-C8B9F901F03C}.Surveillance-of-infectious-diseases|x86.Build.0 = Debug|Any CPU
		{86B7E885-DF4F-4DC7-83EB-C8B9F901F03C}.test|Any CPU.ActiveCfg = Debug|Any CPU
		{86B7E885-DF4F-4DC7-83EB-C8B9F901F03C}.test|Any CPU.Build.0 = Debug|Any CPU
		{86B7E885-DF4F-4DC7-83EB-C8B9F901F03C}.test|x64.ActiveCfg = Debug|Any CPU
		{86B7E885-DF4F-4DC7-83EB-C8B9F901F03C}.test|x64.Build.0 = Debug|Any CPU
		{86B7E885-DF4F-4DC7-83EB-C8B9F901F03C}.test|x86.ActiveCfg = Debug|Any CPU
		{86B7E885-DF4F-4DC7-83EB-C8B9F901F03C}.test|x86.Build.0 = Debug|Any CPU
		{86B7E885-DF4F-4DC7-83EB-C8B9F901F03C}.vcellkit|Any CPU.ActiveCfg = Release|Any CPU
		{86B7E885-DF4F-4DC7-83EB-C8B9F901F03C}.vcellkit|Any CPU.Build.0 = Release|Any CPU
		{86B7E885-DF4F-4DC7-83EB-C8B9F901F03C}.vcellkit|x64.ActiveCfg = Release|x64
		{86B7E885-DF4F-4DC7-83EB-C8B9F901F03C}.vcellkit|x64.Build.0 = Release|x64
		{86B7E885-DF4F-4DC7-83EB-C8B9F901F03C}.vcellkit|x86.ActiveCfg = Release|Any CPU
		{86B7E885-DF4F-4DC7-83EB-C8B9F901F03C}.vcellkit|x86.Build.0 = Release|Any CPU
		{86B7E885-DF4F-4DC7-83EB-C8B9F901F03C}.Voyager1|Any CPU.ActiveCfg = Release|Any CPU
		{86B7E885-DF4F-4DC7-83EB-C8B9F901F03C}.Voyager1|Any CPU.Build.0 = Release|Any CPU
		{86B7E885-DF4F-4DC7-83EB-C8B9F901F03C}.Voyager1|x64.ActiveCfg = Release|x64
		{86B7E885-DF4F-4DC7-83EB-C8B9F901F03C}.Voyager1|x64.Build.0 = Release|x64
		{86B7E885-DF4F-4DC7-83EB-C8B9F901F03C}.Voyager1|x86.ActiveCfg = Release|Any CPU
		{86B7E885-DF4F-4DC7-83EB-C8B9F901F03C}.Voyager1|x86.Build.0 = Release|Any CPU
		{86B7E885-DF4F-4DC7-83EB-C8B9F901F03C}.WebAssembly|Any CPU.ActiveCfg = Debug|Any CPU
		{86B7E885-DF4F-4DC7-83EB-C8B9F901F03C}.WebAssembly|Any CPU.Build.0 = Debug|Any CPU
		{86B7E885-DF4F-4DC7-83EB-C8B9F901F03C}.WebAssembly|x64.ActiveCfg = Debug|Any CPU
		{86B7E885-DF4F-4DC7-83EB-C8B9F901F03C}.WebAssembly|x64.Build.0 = Debug|Any CPU
		{86B7E885-DF4F-4DC7-83EB-C8B9F901F03C}.WebAssembly|x86.ActiveCfg = Debug|Any CPU
		{86B7E885-DF4F-4DC7-83EB-C8B9F901F03C}.WebAssembly|x86.Build.0 = Debug|Any CPU
		{86B7E885-DF4F-4DC7-83EB-C8B9F901F03C}.Yilia-Release_x64|Any CPU.ActiveCfg = Release|Any CPU
		{86B7E885-DF4F-4DC7-83EB-C8B9F901F03C}.Yilia-Release_x64|Any CPU.Build.0 = Release|Any CPU
		{86B7E885-DF4F-4DC7-83EB-C8B9F901F03C}.Yilia-Release_x64|x64.ActiveCfg = Release|Any CPU
		{86B7E885-DF4F-4DC7-83EB-C8B9F901F03C}.Yilia-Release_x64|x64.Build.0 = Release|Any CPU
		{86B7E885-DF4F-4DC7-83EB-C8B9F901F03C}.Yilia-Release_x64|x86.ActiveCfg = Release|Any CPU
		{86B7E885-DF4F-4DC7-83EB-C8B9F901F03C}.Yilia-Release_x64|x86.Build.0 = Release|Any CPU
		{52CE44C3-81CB-487D-8017-846D33448C34}.BioDeep_database|Any CPU.ActiveCfg = Debug|Any CPU
		{52CE44C3-81CB-487D-8017-846D33448C34}.BioDeep_database|Any CPU.Build.0 = Debug|Any CPU
		{52CE44C3-81CB-487D-8017-846D33448C34}.BioDeep_database|x64.ActiveCfg = Debug|x64
		{52CE44C3-81CB-487D-8017-846D33448C34}.BioDeep_database|x64.Build.0 = Debug|x64
		{52CE44C3-81CB-487D-8017-846D33448C34}.BioDeep_database|x86.ActiveCfg = Debug|x86
		{52CE44C3-81CB-487D-8017-846D33448C34}.BioDeep_database|x86.Build.0 = Debug|x86
		{52CE44C3-81CB-487D-8017-846D33448C34}.Biodeep_UNIX_x64|Any CPU.ActiveCfg = Debug|Any CPU
		{52CE44C3-81CB-487D-8017-846D33448C34}.Biodeep_UNIX_x64|Any CPU.Build.0 = Debug|Any CPU
		{52CE44C3-81CB-487D-8017-846D33448C34}.Biodeep_UNIX_x64|x64.ActiveCfg = Debug|x64
		{52CE44C3-81CB-487D-8017-846D33448C34}.Biodeep_UNIX_x64|x64.Build.0 = Debug|x64
		{52CE44C3-81CB-487D-8017-846D33448C34}.Biodeep_UNIX_x64|x86.ActiveCfg = Debug|x86
		{52CE44C3-81CB-487D-8017-846D33448C34}.Biodeep_UNIX_x64|x86.Build.0 = Debug|x86
		{52CE44C3-81CB-487D-8017-846D33448C34}.Biodeep|Any CPU.ActiveCfg = Debug|Any CPU
		{52CE44C3-81CB-487D-8017-846D33448C34}.Biodeep|Any CPU.Build.0 = Debug|Any CPU
		{52CE44C3-81CB-487D-8017-846D33448C34}.Biodeep|x64.ActiveCfg = Debug|x64
		{52CE44C3-81CB-487D-8017-846D33448C34}.Biodeep|x64.Build.0 = Debug|x64
		{52CE44C3-81CB-487D-8017-846D33448C34}.Biodeep|x86.ActiveCfg = Debug|x86
		{52CE44C3-81CB-487D-8017-846D33448C34}.Biodeep|x86.Build.0 = Debug|x86
		{52CE44C3-81CB-487D-8017-846D33448C34}.Biostack|Any CPU.ActiveCfg = Debug|Any CPU
		{52CE44C3-81CB-487D-8017-846D33448C34}.Biostack|Any CPU.Build.0 = Debug|Any CPU
		{52CE44C3-81CB-487D-8017-846D33448C34}.Biostack|x64.ActiveCfg = Debug|x64
		{52CE44C3-81CB-487D-8017-846D33448C34}.Biostack|x64.Build.0 = Debug|x64
		{52CE44C3-81CB-487D-8017-846D33448C34}.Biostack|x86.ActiveCfg = Debug|x86
		{52CE44C3-81CB-487D-8017-846D33448C34}.Biostack|x86.Build.0 = Debug|x86
		{52CE44C3-81CB-487D-8017-846D33448C34}.Biostack-Debug|Any CPU.ActiveCfg = Debug|Any CPU
		{52CE44C3-81CB-487D-8017-846D33448C34}.Biostack-Debug|Any CPU.Build.0 = Debug|Any CPU
		{52CE44C3-81CB-487D-8017-846D33448C34}.Biostack-Debug|x64.ActiveCfg = Debug|x64
		{52CE44C3-81CB-487D-8017-846D33448C34}.Biostack-Debug|x64.Build.0 = Debug|x64
		{52CE44C3-81CB-487D-8017-846D33448C34}.Biostack-Debug|x86.ActiveCfg = Debug|x86
		{52CE44C3-81CB-487D-8017-846D33448C34}.Biostack-Debug|x86.Build.0 = Debug|x86
		{52CE44C3-81CB-487D-8017-846D33448C34}.CFD_win32|Any CPU.ActiveCfg = CFD_win32|Any CPU
		{52CE44C3-81CB-487D-8017-846D33448C34}.CFD_win32|Any CPU.Build.0 = CFD_win32|Any CPU
		{52CE44C3-81CB-487D-8017-846D33448C34}.CFD_win32|x64.ActiveCfg = CFD_win32|x64
		{52CE44C3-81CB-487D-8017-846D33448C34}.CFD_win32|x64.Build.0 = CFD_win32|x64
		{52CE44C3-81CB-487D-8017-846D33448C34}.CFD_win32|x86.ActiveCfg = CFD_win32|x86
		{52CE44C3-81CB-487D-8017-846D33448C34}.CFD_win32|x86.Build.0 = CFD_win32|x86
		{52CE44C3-81CB-487D-8017-846D33448C34}.Debug|Any CPU.ActiveCfg = Debug|Any CPU
		{52CE44C3-81CB-487D-8017-846D33448C34}.Debug|Any CPU.Build.0 = Debug|Any CPU
		{52CE44C3-81CB-487D-8017-846D33448C34}.Debug|x64.ActiveCfg = Debug|x64
		{52CE44C3-81CB-487D-8017-846D33448C34}.Debug|x64.Build.0 = Debug|x64
		{52CE44C3-81CB-487D-8017-846D33448C34}.Debug|x86.ActiveCfg = Debug|x86
		{52CE44C3-81CB-487D-8017-846D33448C34}.Debug|x86.Build.0 = Debug|x86
		{52CE44C3-81CB-487D-8017-846D33448C34}.DEMO|Any CPU.ActiveCfg = Debug|Any CPU
		{52CE44C3-81CB-487D-8017-846D33448C34}.DEMO|Any CPU.Build.0 = Debug|Any CPU
		{52CE44C3-81CB-487D-8017-846D33448C34}.DEMO|x64.ActiveCfg = Debug|x64
		{52CE44C3-81CB-487D-8017-846D33448C34}.DEMO|x64.Build.0 = Debug|x64
		{52CE44C3-81CB-487D-8017-846D33448C34}.DEMO|x86.ActiveCfg = Debug|x86
		{52CE44C3-81CB-487D-8017-846D33448C34}.DEMO|x86.Build.0 = Debug|x86
		{52CE44C3-81CB-487D-8017-846D33448C34}.Desktop|Any CPU.ActiveCfg = Desktop|Any CPU
		{52CE44C3-81CB-487D-8017-846D33448C34}.Desktop|Any CPU.Build.0 = Desktop|Any CPU
		{52CE44C3-81CB-487D-8017-846D33448C34}.Desktop|x64.ActiveCfg = Desktop|x64
		{52CE44C3-81CB-487D-8017-846D33448C34}.Desktop|x64.Build.0 = Desktop|x64
		{52CE44C3-81CB-487D-8017-846D33448C34}.Desktop|x86.ActiveCfg = Desktop|x86
		{52CE44C3-81CB-487D-8017-846D33448C34}.Desktop|x86.Build.0 = Desktop|x86
		{52CE44C3-81CB-487D-8017-846D33448C34}.Docker|Any CPU.ActiveCfg = Docker|Any CPU
		{52CE44C3-81CB-487D-8017-846D33448C34}.Docker|Any CPU.Build.0 = Docker|Any CPU
		{52CE44C3-81CB-487D-8017-846D33448C34}.Docker|x64.ActiveCfg = Docker|x64
		{52CE44C3-81CB-487D-8017-846D33448C34}.Docker|x64.Build.0 = Docker|x64
		{52CE44C3-81CB-487D-8017-846D33448C34}.Docker|x86.ActiveCfg = Docker|x86
		{52CE44C3-81CB-487D-8017-846D33448C34}.Docker|x86.Build.0 = Docker|x86
		{52CE44C3-81CB-487D-8017-846D33448C34}.docs|Any CPU.ActiveCfg = Docker|Any CPU
		{52CE44C3-81CB-487D-8017-846D33448C34}.docs|Any CPU.Build.0 = Docker|Any CPU
		{52CE44C3-81CB-487D-8017-846D33448C34}.docs|x64.ActiveCfg = Docker|x64
		{52CE44C3-81CB-487D-8017-846D33448C34}.docs|x64.Build.0 = Docker|x64
		{52CE44C3-81CB-487D-8017-846D33448C34}.docs|x86.ActiveCfg = Docker|x86
		{52CE44C3-81CB-487D-8017-846D33448C34}.docs|x86.Build.0 = Docker|x86
		{52CE44C3-81CB-487D-8017-846D33448C34}.GCModeller(Release_X64)|Any CPU.ActiveCfg = gcmodeller_desktop|Any CPU
		{52CE44C3-81CB-487D-8017-846D33448C34}.GCModeller(Release_X64)|Any CPU.Build.0 = gcmodeller_desktop|Any CPU
		{52CE44C3-81CB-487D-8017-846D33448C34}.GCModeller(Release_X64)|x64.ActiveCfg = gcmodeller_desktop|x64
		{52CE44C3-81CB-487D-8017-846D33448C34}.GCModeller(Release_X64)|x64.Build.0 = gcmodeller_desktop|x64
		{52CE44C3-81CB-487D-8017-846D33448C34}.GCModeller(Release_X64)|x86.ActiveCfg = gcmodeller_desktop|x86
		{52CE44C3-81CB-487D-8017-846D33448C34}.GCModeller(Release_X64)|x86.Build.0 = gcmodeller_desktop|x86
		{52CE44C3-81CB-487D-8017-846D33448C34}.GCModeller(UNIX-Release_X64)|Any CPU.ActiveCfg = gcmodeller_desktop|Any CPU
		{52CE44C3-81CB-487D-8017-846D33448C34}.GCModeller(UNIX-Release_X64)|Any CPU.Build.0 = gcmodeller_desktop|Any CPU
		{52CE44C3-81CB-487D-8017-846D33448C34}.GCModeller(UNIX-Release_X64)|x64.ActiveCfg = gcmodeller_desktop|x64
		{52CE44C3-81CB-487D-8017-846D33448C34}.GCModeller(UNIX-Release_X64)|x64.Build.0 = gcmodeller_desktop|x64
		{52CE44C3-81CB-487D-8017-846D33448C34}.GCModeller(UNIX-Release_X64)|x86.ActiveCfg = gcmodeller_desktop|x86
		{52CE44C3-81CB-487D-8017-846D33448C34}.GCModeller(UNIX-Release_X64)|x86.Build.0 = gcmodeller_desktop|x86
		{52CE44C3-81CB-487D-8017-846D33448C34}.gcmodeller_desktop|Any CPU.ActiveCfg = gcmodeller_desktop|Any CPU
		{52CE44C3-81CB-487D-8017-846D33448C34}.gcmodeller_desktop|Any CPU.Build.0 = gcmodeller_desktop|Any CPU
		{52CE44C3-81CB-487D-8017-846D33448C34}.gcmodeller_desktop|x64.ActiveCfg = gcmodeller_desktop|x64
		{52CE44C3-81CB-487D-8017-846D33448C34}.gcmodeller_desktop|x64.Build.0 = gcmodeller_desktop|x64
		{52CE44C3-81CB-487D-8017-846D33448C34}.gcmodeller_desktop|x86.ActiveCfg = gcmodeller_desktop|x86
		{52CE44C3-81CB-487D-8017-846D33448C34}.gcmodeller_desktop|x86.Build.0 = gcmodeller_desktop|x86
		{52CE44C3-81CB-487D-8017-846D33448C34}.GTA5-game-test|Any CPU.ActiveCfg = gcmodeller_desktop|Any CPU
		{52CE44C3-81CB-487D-8017-846D33448C34}.GTA5-game-test|Any CPU.Build.0 = gcmodeller_desktop|Any CPU
		{52CE44C3-81CB-487D-8017-846D33448C34}.GTA5-game-test|x64.ActiveCfg = gcmodeller_desktop|x64
		{52CE44C3-81CB-487D-8017-846D33448C34}.GTA5-game-test|x64.Build.0 = gcmodeller_desktop|x64
		{52CE44C3-81CB-487D-8017-846D33448C34}.GTA5-game-test|x86.ActiveCfg = gcmodeller_desktop|x86
		{52CE44C3-81CB-487D-8017-846D33448C34}.GTA5-game-test|x86.Build.0 = gcmodeller_desktop|x86
		{52CE44C3-81CB-487D-8017-846D33448C34}.installer_x64|Any CPU.ActiveCfg = Debug|Any CPU
		{52CE44C3-81CB-487D-8017-846D33448C34}.installer_x64|Any CPU.Build.0 = Debug|Any CPU
		{52CE44C3-81CB-487D-8017-846D33448C34}.installer_x64|x64.ActiveCfg = Debug|x64
		{52CE44C3-81CB-487D-8017-846D33448C34}.installer_x64|x64.Build.0 = Debug|x64
		{52CE44C3-81CB-487D-8017-846D33448C34}.installer_x64|x86.ActiveCfg = Debug|x86
		{52CE44C3-81CB-487D-8017-846D33448C34}.installer_x64|x86.Build.0 = Debug|x86
		{52CE44C3-81CB-487D-8017-846D33448C34}.linux-profiler|Any CPU.ActiveCfg = LipidSearch|Any CPU
		{52CE44C3-81CB-487D-8017-846D33448C34}.linux-profiler|Any CPU.Build.0 = LipidSearch|Any CPU
		{52CE44C3-81CB-487D-8017-846D33448C34}.linux-profiler|x64.ActiveCfg = LipidSearch|x64
		{52CE44C3-81CB-487D-8017-846D33448C34}.linux-profiler|x64.Build.0 = LipidSearch|x64
		{52CE44C3-81CB-487D-8017-846D33448C34}.linux-profiler|x86.ActiveCfg = LipidSearch|x86
		{52CE44C3-81CB-487D-8017-846D33448C34}.linux-profiler|x86.Build.0 = LipidSearch|x86
		{52CE44C3-81CB-487D-8017-846D33448C34}.LipidSearch|Any CPU.ActiveCfg = LipidSearch|Any CPU
		{52CE44C3-81CB-487D-8017-846D33448C34}.LipidSearch|Any CPU.Build.0 = LipidSearch|Any CPU
		{52CE44C3-81CB-487D-8017-846D33448C34}.LipidSearch|x64.ActiveCfg = LipidSearch|x64
		{52CE44C3-81CB-487D-8017-846D33448C34}.LipidSearch|x64.Build.0 = LipidSearch|x64
		{52CE44C3-81CB-487D-8017-846D33448C34}.LipidSearch|x86.ActiveCfg = LipidSearch|x86
		{52CE44C3-81CB-487D-8017-846D33448C34}.LipidSearch|x86.Build.0 = LipidSearch|x86
		{52CE44C3-81CB-487D-8017-846D33448C34}.MetaCardio|Any CPU.ActiveCfg = mzkit|Any CPU
		{52CE44C3-81CB-487D-8017-846D33448C34}.MetaCardio|Any CPU.Build.0 = mzkit|Any CPU
		{52CE44C3-81CB-487D-8017-846D33448C34}.MetaCardio|x64.ActiveCfg = mzkit|x64
		{52CE44C3-81CB-487D-8017-846D33448C34}.MetaCardio|x64.Build.0 = mzkit|x64
		{52CE44C3-81CB-487D-8017-846D33448C34}.MetaCardio|x86.ActiveCfg = mzkit|x86
		{52CE44C3-81CB-487D-8017-846D33448C34}.MetaCardio|x86.Build.0 = mzkit|x86
		{52CE44C3-81CB-487D-8017-846D33448C34}.mysqli_X64_release|Any CPU.ActiveCfg = mzkit_win32|Any CPU
		{52CE44C3-81CB-487D-8017-846D33448C34}.mysqli_X64_release|Any CPU.Build.0 = mzkit_win32|Any CPU
		{52CE44C3-81CB-487D-8017-846D33448C34}.mysqli_X64_release|x64.ActiveCfg = mzkit_win32|x64
		{52CE44C3-81CB-487D-8017-846D33448C34}.mysqli_X64_release|x64.Build.0 = mzkit_win32|x64
		{52CE44C3-81CB-487D-8017-846D33448C34}.mysqli_X64_release|x86.ActiveCfg = mzkit_win32|x86
		{52CE44C3-81CB-487D-8017-846D33448C34}.mysqli_X64_release|x86.Build.0 = mzkit_win32|x86
		{52CE44C3-81CB-487D-8017-846D33448C34}.mzkit_UnixDocker|Any CPU.ActiveCfg = mzkit_win32|Any CPU
		{52CE44C3-81CB-487D-8017-846D33448C34}.mzkit_UnixDocker|Any CPU.Build.0 = mzkit_win32|Any CPU
		{52CE44C3-81CB-487D-8017-846D33448C34}.mzkit_UnixDocker|x64.ActiveCfg = mzkit_win32|x64
		{52CE44C3-81CB-487D-8017-846D33448C34}.mzkit_UnixDocker|x64.Build.0 = mzkit_win32|x64
		{52CE44C3-81CB-487D-8017-846D33448C34}.mzkit_UnixDocker|x86.ActiveCfg = mzkit_win32|x86
		{52CE44C3-81CB-487D-8017-846D33448C34}.mzkit_UnixDocker|x86.Build.0 = mzkit_win32|x86
		{52CE44C3-81CB-487D-8017-846D33448C34}.mzkit_win32|Any CPU.ActiveCfg = mzkit_win32|Any CPU
		{52CE44C3-81CB-487D-8017-846D33448C34}.mzkit_win32|Any CPU.Build.0 = mzkit_win32|Any CPU
		{52CE44C3-81CB-487D-8017-846D33448C34}.mzkit_win32|x64.ActiveCfg = mzkit_win32|x64
		{52CE44C3-81CB-487D-8017-846D33448C34}.mzkit_win32|x64.Build.0 = mzkit_win32|x64
		{52CE44C3-81CB-487D-8017-846D33448C34}.mzkit_win32|x86.ActiveCfg = mzkit_win32|x86
		{52CE44C3-81CB-487D-8017-846D33448C34}.mzkit_win32|x86.Build.0 = mzkit_win32|x86
		{52CE44C3-81CB-487D-8017-846D33448C34}.mzkit|Any CPU.ActiveCfg = mzkit|Any CPU
		{52CE44C3-81CB-487D-8017-846D33448C34}.mzkit|Any CPU.Build.0 = mzkit|Any CPU
		{52CE44C3-81CB-487D-8017-846D33448C34}.mzkit|x64.ActiveCfg = mzkit|x64
		{52CE44C3-81CB-487D-8017-846D33448C34}.mzkit|x64.Build.0 = mzkit|x64
		{52CE44C3-81CB-487D-8017-846D33448C34}.mzkit|x86.ActiveCfg = mzkit|x86
		{52CE44C3-81CB-487D-8017-846D33448C34}.mzkit|x86.Build.0 = mzkit|x86
		{52CE44C3-81CB-487D-8017-846D33448C34}.node-debug|Any CPU.ActiveCfg = nuget_release|Any CPU
		{52CE44C3-81CB-487D-8017-846D33448C34}.node-debug|Any CPU.Build.0 = nuget_release|Any CPU
		{52CE44C3-81CB-487D-8017-846D33448C34}.node-debug|x64.ActiveCfg = nuget_release|x64
		{52CE44C3-81CB-487D-8017-846D33448C34}.node-debug|x64.Build.0 = nuget_release|x64
		{52CE44C3-81CB-487D-8017-846D33448C34}.node-debug|x86.ActiveCfg = nuget_release|x86
		{52CE44C3-81CB-487D-8017-846D33448C34}.node-debug|x86.Build.0 = nuget_release|x86
		{52CE44C3-81CB-487D-8017-846D33448C34}.NPSearch|Any CPU.ActiveCfg = NPSearch|Any CPU
		{52CE44C3-81CB-487D-8017-846D33448C34}.NPSearch|Any CPU.Build.0 = NPSearch|Any CPU
		{52CE44C3-81CB-487D-8017-846D33448C34}.NPSearch|x64.ActiveCfg = NPSearch|x64
		{52CE44C3-81CB-487D-8017-846D33448C34}.NPSearch|x64.Build.0 = NPSearch|x64
		{52CE44C3-81CB-487D-8017-846D33448C34}.NPSearch|x86.ActiveCfg = NPSearch|x86
		{52CE44C3-81CB-487D-8017-846D33448C34}.NPSearch|x86.Build.0 = NPSearch|x86
		{52CE44C3-81CB-487D-8017-846D33448C34}.nuget_release|Any CPU.ActiveCfg = nuget_release|Any CPU
		{52CE44C3-81CB-487D-8017-846D33448C34}.nuget_release|Any CPU.Build.0 = nuget_release|Any CPU
		{52CE44C3-81CB-487D-8017-846D33448C34}.nuget_release|x64.ActiveCfg = nuget_release|x64
		{52CE44C3-81CB-487D-8017-846D33448C34}.nuget_release|x64.Build.0 = nuget_release|x64
		{52CE44C3-81CB-487D-8017-846D33448C34}.nuget_release|x86.ActiveCfg = nuget_release|x86
		{52CE44C3-81CB-487D-8017-846D33448C34}.nuget_release|x86.Build.0 = nuget_release|x86
		{52CE44C3-81CB-487D-8017-846D33448C34}.PlantMAT|Any CPU.ActiveCfg = PlantMAT|Any CPU
		{52CE44C3-81CB-487D-8017-846D33448C34}.PlantMAT|Any CPU.Build.0 = PlantMAT|Any CPU
		{52CE44C3-81CB-487D-8017-846D33448C34}.PlantMAT|x64.ActiveCfg = PlantMAT|x64
		{52CE44C3-81CB-487D-8017-846D33448C34}.PlantMAT|x64.Build.0 = PlantMAT|x64
		{52CE44C3-81CB-487D-8017-846D33448C34}.PlantMAT|x86.ActiveCfg = PlantMAT|x86
		{52CE44C3-81CB-487D-8017-846D33448C34}.PlantMAT|x86.Build.0 = PlantMAT|x86
		{52CE44C3-81CB-487D-8017-846D33448C34}.ProteoWizard.d|Any CPU.ActiveCfg = PlantMAT|Any CPU
		{52CE44C3-81CB-487D-8017-846D33448C34}.ProteoWizard.d|Any CPU.Build.0 = PlantMAT|Any CPU
		{52CE44C3-81CB-487D-8017-846D33448C34}.ProteoWizard.d|x64.ActiveCfg = PlantMAT|x64
		{52CE44C3-81CB-487D-8017-846D33448C34}.ProteoWizard.d|x64.Build.0 = PlantMAT|x64
		{52CE44C3-81CB-487D-8017-846D33448C34}.ProteoWizard.d|x86.ActiveCfg = PlantMAT|x86
		{52CE44C3-81CB-487D-8017-846D33448C34}.ProteoWizard.d|x86.Build.0 = PlantMAT|x86
		{52CE44C3-81CB-487D-8017-846D33448C34}.Publish|Any CPU.ActiveCfg = PlantMAT|Any CPU
		{52CE44C3-81CB-487D-8017-846D33448C34}.Publish|Any CPU.Build.0 = PlantMAT|Any CPU
		{52CE44C3-81CB-487D-8017-846D33448C34}.Publish|x64.ActiveCfg = PlantMAT|x64
		{52CE44C3-81CB-487D-8017-846D33448C34}.Publish|x64.Build.0 = PlantMAT|x64
		{52CE44C3-81CB-487D-8017-846D33448C34}.Publish|x86.ActiveCfg = PlantMAT|x86
		{52CE44C3-81CB-487D-8017-846D33448C34}.Publish|x86.Build.0 = PlantMAT|x86
		{52CE44C3-81CB-487D-8017-846D33448C34}.R-dotnet|Any CPU.ActiveCfg = Rsharp_app_release|Any CPU
		{52CE44C3-81CB-487D-8017-846D33448C34}.R-dotnet|Any CPU.Build.0 = Rsharp_app_release|Any CPU
		{52CE44C3-81CB-487D-8017-846D33448C34}.R-dotnet|x64.ActiveCfg = Rsharp_app_release|x64
		{52CE44C3-81CB-487D-8017-846D33448C34}.R-dotnet|x64.Build.0 = Rsharp_app_release|x64
		{52CE44C3-81CB-487D-8017-846D33448C34}.R-dotnet|x86.ActiveCfg = Rsharp_app_release|x86
		{52CE44C3-81CB-487D-8017-846D33448C34}.R-dotnet|x86.Build.0 = Rsharp_app_release|x86
		{52CE44C3-81CB-487D-8017-846D33448C34}.Release|Any CPU.ActiveCfg = Release|Any CPU
		{52CE44C3-81CB-487D-8017-846D33448C34}.Release|Any CPU.Build.0 = Release|Any CPU
		{52CE44C3-81CB-487D-8017-846D33448C34}.Release|x64.ActiveCfg = Release|x64
		{52CE44C3-81CB-487D-8017-846D33448C34}.Release|x64.Build.0 = Release|x64
		{52CE44C3-81CB-487D-8017-846D33448C34}.Release|x86.ActiveCfg = Release|x86
		{52CE44C3-81CB-487D-8017-846D33448C34}.Release|x86.Build.0 = Release|x86
		{52CE44C3-81CB-487D-8017-846D33448C34}.Rsharp_app_release|Any CPU.ActiveCfg = Rsharp_app_release|Any CPU
		{52CE44C3-81CB-487D-8017-846D33448C34}.Rsharp_app_release|Any CPU.Build.0 = Rsharp_app_release|Any CPU
		{52CE44C3-81CB-487D-8017-846D33448C34}.Rsharp_app_release|x64.ActiveCfg = Rsharp_app_release|x64
		{52CE44C3-81CB-487D-8017-846D33448C34}.Rsharp_app_release|x64.Build.0 = Rsharp_app_release|x64
		{52CE44C3-81CB-487D-8017-846D33448C34}.Rsharp_app_release|x86.ActiveCfg = Rsharp_app_release|x86
		{52CE44C3-81CB-487D-8017-846D33448C34}.Rsharp_app_release|x86.Build.0 = Rsharp_app_release|x86
		{52CE44C3-81CB-487D-8017-846D33448C34}.RsharpDev|Any CPU.ActiveCfg = Rsharp_app_release|Any CPU
		{52CE44C3-81CB-487D-8017-846D33448C34}.RsharpDev|Any CPU.Build.0 = Rsharp_app_release|Any CPU
		{52CE44C3-81CB-487D-8017-846D33448C34}.RsharpDev|x64.ActiveCfg = Rsharp_app_release|x64
		{52CE44C3-81CB-487D-8017-846D33448C34}.RsharpDev|x64.Build.0 = Rsharp_app_release|x64
		{52CE44C3-81CB-487D-8017-846D33448C34}.RsharpDev|x86.ActiveCfg = Rsharp_app_release|x86
		{52CE44C3-81CB-487D-8017-846D33448C34}.RsharpDev|x86.Build.0 = Rsharp_app_release|x86
		{52CE44C3-81CB-487D-8017-846D33448C34}.sciBASIC.NET-test-release|Any CPU.ActiveCfg = Debug|Any CPU
		{52CE44C3-81CB-487D-8017-846D33448C34}.sciBASIC.NET-test-release|Any CPU.Build.0 = Debug|Any CPU
		{52CE44C3-81CB-487D-8017-846D33448C34}.sciBASIC.NET-test-release|x64.ActiveCfg = Debug|x64
		{52CE44C3-81CB-487D-8017-846D33448C34}.sciBASIC.NET-test-release|x64.Build.0 = Debug|x64
		{52CE44C3-81CB-487D-8017-846D33448C34}.sciBASIC.NET-test-release|x86.ActiveCfg = Debug|x86
		{52CE44C3-81CB-487D-8017-846D33448C34}.sciBASIC.NET-test-release|x86.Build.0 = Debug|x86
		{52CE44C3-81CB-487D-8017-846D33448C34}.Surveillance-of-infectious-diseases|Any CPU.ActiveCfg = Debug|Any CPU
		{52CE44C3-81CB-487D-8017-846D33448C34}.Surveillance-of-infectious-diseases|Any CPU.Build.0 = Debug|Any CPU
		{52CE44C3-81CB-487D-8017-846D33448C34}.Surveillance-of-infectious-diseases|x64.ActiveCfg = Debug|x64
		{52CE44C3-81CB-487D-8017-846D33448C34}.Surveillance-of-infectious-diseases|x64.Build.0 = Debug|x64
		{52CE44C3-81CB-487D-8017-846D33448C34}.Surveillance-of-infectious-diseases|x86.ActiveCfg = Debug|x86
		{52CE44C3-81CB-487D-8017-846D33448C34}.Surveillance-of-infectious-diseases|x86.Build.0 = Debug|x86
		{52CE44C3-81CB-487D-8017-846D33448C34}.test|Any CPU.ActiveCfg = Debug|Any CPU
		{52CE44C3-81CB-487D-8017-846D33448C34}.test|Any CPU.Build.0 = Debug|Any CPU
		{52CE44C3-81CB-487D-8017-846D33448C34}.test|x64.ActiveCfg = Debug|x64
		{52CE44C3-81CB-487D-8017-846D33448C34}.test|x64.Build.0 = Debug|x64
		{52CE44C3-81CB-487D-8017-846D33448C34}.test|x86.ActiveCfg = Debug|x86
		{52CE44C3-81CB-487D-8017-846D33448C34}.test|x86.Build.0 = Debug|x86
		{52CE44C3-81CB-487D-8017-846D33448C34}.vcellkit|Any CPU.ActiveCfg = Debug|Any CPU
		{52CE44C3-81CB-487D-8017-846D33448C34}.vcellkit|Any CPU.Build.0 = Debug|Any CPU
		{52CE44C3-81CB-487D-8017-846D33448C34}.vcellkit|x64.ActiveCfg = Debug|x64
		{52CE44C3-81CB-487D-8017-846D33448C34}.vcellkit|x64.Build.0 = Debug|x64
		{52CE44C3-81CB-487D-8017-846D33448C34}.vcellkit|x86.ActiveCfg = Debug|x86
		{52CE44C3-81CB-487D-8017-846D33448C34}.vcellkit|x86.Build.0 = Debug|x86
		{52CE44C3-81CB-487D-8017-846D33448C34}.Voyager1|Any CPU.ActiveCfg = Debug|Any CPU
		{52CE44C3-81CB-487D-8017-846D33448C34}.Voyager1|Any CPU.Build.0 = Debug|Any CPU
		{52CE44C3-81CB-487D-8017-846D33448C34}.Voyager1|x64.ActiveCfg = Debug|x64
		{52CE44C3-81CB-487D-8017-846D33448C34}.Voyager1|x64.Build.0 = Debug|x64
		{52CE44C3-81CB-487D-8017-846D33448C34}.Voyager1|x86.ActiveCfg = Debug|x86
		{52CE44C3-81CB-487D-8017-846D33448C34}.Voyager1|x86.Build.0 = Debug|x86
		{52CE44C3-81CB-487D-8017-846D33448C34}.WebAssembly|Any CPU.ActiveCfg = Debug|Any CPU
		{52CE44C3-81CB-487D-8017-846D33448C34}.WebAssembly|Any CPU.Build.0 = Debug|Any CPU
		{52CE44C3-81CB-487D-8017-846D33448C34}.WebAssembly|x64.ActiveCfg = Debug|x64
		{52CE44C3-81CB-487D-8017-846D33448C34}.WebAssembly|x64.Build.0 = Debug|x64
		{52CE44C3-81CB-487D-8017-846D33448C34}.WebAssembly|x86.ActiveCfg = Debug|x86
		{52CE44C3-81CB-487D-8017-846D33448C34}.WebAssembly|x86.Build.0 = Debug|x86
		{52CE44C3-81CB-487D-8017-846D33448C34}.Yilia-Release_x64|Any CPU.ActiveCfg = Release|Any CPU
		{52CE44C3-81CB-487D-8017-846D33448C34}.Yilia-Release_x64|Any CPU.Build.0 = Release|Any CPU
		{52CE44C3-81CB-487D-8017-846D33448C34}.Yilia-Release_x64|x64.ActiveCfg = Release|x64
		{52CE44C3-81CB-487D-8017-846D33448C34}.Yilia-Release_x64|x64.Build.0 = Release|x64
		{52CE44C3-81CB-487D-8017-846D33448C34}.Yilia-Release_x64|x86.ActiveCfg = Release|x86
		{52CE44C3-81CB-487D-8017-846D33448C34}.Yilia-Release_x64|x86.Build.0 = Release|x86
		{08E1C795-1104-4ED9-B7A7-85E5F233A5FE}.BioDeep_database|Any CPU.ActiveCfg = Debug|Any CPU
		{08E1C795-1104-4ED9-B7A7-85E5F233A5FE}.BioDeep_database|Any CPU.Build.0 = Debug|Any CPU
		{08E1C795-1104-4ED9-B7A7-85E5F233A5FE}.BioDeep_database|x64.ActiveCfg = Debug|x64
		{08E1C795-1104-4ED9-B7A7-85E5F233A5FE}.BioDeep_database|x64.Build.0 = Debug|x64
		{08E1C795-1104-4ED9-B7A7-85E5F233A5FE}.BioDeep_database|x86.ActiveCfg = Debug|Any CPU
		{08E1C795-1104-4ED9-B7A7-85E5F233A5FE}.BioDeep_database|x86.Build.0 = Debug|Any CPU
		{08E1C795-1104-4ED9-B7A7-85E5F233A5FE}.Biodeep_UNIX_x64|Any CPU.ActiveCfg = Debug|Any CPU
		{08E1C795-1104-4ED9-B7A7-85E5F233A5FE}.Biodeep_UNIX_x64|Any CPU.Build.0 = Debug|Any CPU
		{08E1C795-1104-4ED9-B7A7-85E5F233A5FE}.Biodeep_UNIX_x64|x64.ActiveCfg = Debug|x64
		{08E1C795-1104-4ED9-B7A7-85E5F233A5FE}.Biodeep_UNIX_x64|x64.Build.0 = Debug|x64
		{08E1C795-1104-4ED9-B7A7-85E5F233A5FE}.Biodeep_UNIX_x64|x86.ActiveCfg = Debug|Any CPU
		{08E1C795-1104-4ED9-B7A7-85E5F233A5FE}.Biodeep_UNIX_x64|x86.Build.0 = Debug|Any CPU
		{08E1C795-1104-4ED9-B7A7-85E5F233A5FE}.Biodeep|Any CPU.ActiveCfg = Debug|Any CPU
		{08E1C795-1104-4ED9-B7A7-85E5F233A5FE}.Biodeep|Any CPU.Build.0 = Debug|Any CPU
		{08E1C795-1104-4ED9-B7A7-85E5F233A5FE}.Biodeep|x64.ActiveCfg = Debug|x64
		{08E1C795-1104-4ED9-B7A7-85E5F233A5FE}.Biodeep|x64.Build.0 = Debug|x64
		{08E1C795-1104-4ED9-B7A7-85E5F233A5FE}.Biodeep|x86.ActiveCfg = Debug|Any CPU
		{08E1C795-1104-4ED9-B7A7-85E5F233A5FE}.Biodeep|x86.Build.0 = Debug|Any CPU
		{08E1C795-1104-4ED9-B7A7-85E5F233A5FE}.Biostack|Any CPU.ActiveCfg = Debug|Any CPU
		{08E1C795-1104-4ED9-B7A7-85E5F233A5FE}.Biostack|Any CPU.Build.0 = Debug|Any CPU
		{08E1C795-1104-4ED9-B7A7-85E5F233A5FE}.Biostack|x64.ActiveCfg = Debug|x64
		{08E1C795-1104-4ED9-B7A7-85E5F233A5FE}.Biostack|x64.Build.0 = Debug|x64
		{08E1C795-1104-4ED9-B7A7-85E5F233A5FE}.Biostack|x86.ActiveCfg = Debug|Any CPU
		{08E1C795-1104-4ED9-B7A7-85E5F233A5FE}.Biostack|x86.Build.0 = Debug|Any CPU
		{08E1C795-1104-4ED9-B7A7-85E5F233A5FE}.Biostack-Debug|Any CPU.ActiveCfg = Debug|Any CPU
		{08E1C795-1104-4ED9-B7A7-85E5F233A5FE}.Biostack-Debug|Any CPU.Build.0 = Debug|Any CPU
		{08E1C795-1104-4ED9-B7A7-85E5F233A5FE}.Biostack-Debug|x64.ActiveCfg = Debug|x64
		{08E1C795-1104-4ED9-B7A7-85E5F233A5FE}.Biostack-Debug|x64.Build.0 = Debug|x64
		{08E1C795-1104-4ED9-B7A7-85E5F233A5FE}.Biostack-Debug|x86.ActiveCfg = Debug|Any CPU
		{08E1C795-1104-4ED9-B7A7-85E5F233A5FE}.Biostack-Debug|x86.Build.0 = Debug|Any CPU
		{08E1C795-1104-4ED9-B7A7-85E5F233A5FE}.CFD_win32|Any CPU.ActiveCfg = Debug|Any CPU
		{08E1C795-1104-4ED9-B7A7-85E5F233A5FE}.CFD_win32|Any CPU.Build.0 = Debug|Any CPU
		{08E1C795-1104-4ED9-B7A7-85E5F233A5FE}.CFD_win32|x64.ActiveCfg = Debug|x64
		{08E1C795-1104-4ED9-B7A7-85E5F233A5FE}.CFD_win32|x64.Build.0 = Debug|x64
		{08E1C795-1104-4ED9-B7A7-85E5F233A5FE}.CFD_win32|x86.ActiveCfg = Debug|Any CPU
		{08E1C795-1104-4ED9-B7A7-85E5F233A5FE}.CFD_win32|x86.Build.0 = Debug|Any CPU
		{08E1C795-1104-4ED9-B7A7-85E5F233A5FE}.Debug|Any CPU.ActiveCfg = Debug|Any CPU
		{08E1C795-1104-4ED9-B7A7-85E5F233A5FE}.Debug|Any CPU.Build.0 = Debug|Any CPU
		{08E1C795-1104-4ED9-B7A7-85E5F233A5FE}.Debug|x64.ActiveCfg = Debug|x64
		{08E1C795-1104-4ED9-B7A7-85E5F233A5FE}.Debug|x64.Build.0 = Debug|x64
		{08E1C795-1104-4ED9-B7A7-85E5F233A5FE}.Debug|x86.ActiveCfg = Debug|Any CPU
		{08E1C795-1104-4ED9-B7A7-85E5F233A5FE}.Debug|x86.Build.0 = Debug|Any CPU
		{08E1C795-1104-4ED9-B7A7-85E5F233A5FE}.DEMO|Any CPU.ActiveCfg = Debug|Any CPU
		{08E1C795-1104-4ED9-B7A7-85E5F233A5FE}.DEMO|Any CPU.Build.0 = Debug|Any CPU
		{08E1C795-1104-4ED9-B7A7-85E5F233A5FE}.DEMO|x64.ActiveCfg = Debug|x64
		{08E1C795-1104-4ED9-B7A7-85E5F233A5FE}.DEMO|x64.Build.0 = Debug|x64
		{08E1C795-1104-4ED9-B7A7-85E5F233A5FE}.DEMO|x86.ActiveCfg = Debug|Any CPU
		{08E1C795-1104-4ED9-B7A7-85E5F233A5FE}.DEMO|x86.Build.0 = Debug|Any CPU
		{08E1C795-1104-4ED9-B7A7-85E5F233A5FE}.Desktop|Any CPU.ActiveCfg = Debug|Any CPU
		{08E1C795-1104-4ED9-B7A7-85E5F233A5FE}.Desktop|Any CPU.Build.0 = Debug|Any CPU
		{08E1C795-1104-4ED9-B7A7-85E5F233A5FE}.Desktop|x64.ActiveCfg = Debug|x64
		{08E1C795-1104-4ED9-B7A7-85E5F233A5FE}.Desktop|x64.Build.0 = Debug|x64
		{08E1C795-1104-4ED9-B7A7-85E5F233A5FE}.Desktop|x86.ActiveCfg = Debug|Any CPU
		{08E1C795-1104-4ED9-B7A7-85E5F233A5FE}.Desktop|x86.Build.0 = Debug|Any CPU
		{08E1C795-1104-4ED9-B7A7-85E5F233A5FE}.Docker|Any CPU.ActiveCfg = Debug|Any CPU
		{08E1C795-1104-4ED9-B7A7-85E5F233A5FE}.Docker|Any CPU.Build.0 = Debug|Any CPU
		{08E1C795-1104-4ED9-B7A7-85E5F233A5FE}.Docker|x64.ActiveCfg = Debug|x64
		{08E1C795-1104-4ED9-B7A7-85E5F233A5FE}.Docker|x64.Build.0 = Debug|x64
		{08E1C795-1104-4ED9-B7A7-85E5F233A5FE}.Docker|x86.ActiveCfg = Debug|Any CPU
		{08E1C795-1104-4ED9-B7A7-85E5F233A5FE}.Docker|x86.Build.0 = Debug|Any CPU
		{08E1C795-1104-4ED9-B7A7-85E5F233A5FE}.docs|Any CPU.ActiveCfg = Debug|Any CPU
		{08E1C795-1104-4ED9-B7A7-85E5F233A5FE}.docs|Any CPU.Build.0 = Debug|Any CPU
		{08E1C795-1104-4ED9-B7A7-85E5F233A5FE}.docs|x64.ActiveCfg = Debug|x64
		{08E1C795-1104-4ED9-B7A7-85E5F233A5FE}.docs|x64.Build.0 = Debug|x64
		{08E1C795-1104-4ED9-B7A7-85E5F233A5FE}.docs|x86.ActiveCfg = Debug|Any CPU
		{08E1C795-1104-4ED9-B7A7-85E5F233A5FE}.docs|x86.Build.0 = Debug|Any CPU
		{08E1C795-1104-4ED9-B7A7-85E5F233A5FE}.GCModeller(Release_X64)|Any CPU.ActiveCfg = Release|Any CPU
		{08E1C795-1104-4ED9-B7A7-85E5F233A5FE}.GCModeller(Release_X64)|Any CPU.Build.0 = Release|Any CPU
		{08E1C795-1104-4ED9-B7A7-85E5F233A5FE}.GCModeller(Release_X64)|x64.ActiveCfg = Release|x64
		{08E1C795-1104-4ED9-B7A7-85E5F233A5FE}.GCModeller(Release_X64)|x64.Build.0 = Release|x64
		{08E1C795-1104-4ED9-B7A7-85E5F233A5FE}.GCModeller(Release_X64)|x86.ActiveCfg = Release|Any CPU
		{08E1C795-1104-4ED9-B7A7-85E5F233A5FE}.GCModeller(Release_X64)|x86.Build.0 = Release|Any CPU
		{08E1C795-1104-4ED9-B7A7-85E5F233A5FE}.GCModeller(UNIX-Release_X64)|Any CPU.ActiveCfg = Release|Any CPU
		{08E1C795-1104-4ED9-B7A7-85E5F233A5FE}.GCModeller(UNIX-Release_X64)|Any CPU.Build.0 = Release|Any CPU
		{08E1C795-1104-4ED9-B7A7-85E5F233A5FE}.GCModeller(UNIX-Release_X64)|x64.ActiveCfg = Release|x64
		{08E1C795-1104-4ED9-B7A7-85E5F233A5FE}.GCModeller(UNIX-Release_X64)|x64.Build.0 = Release|x64
		{08E1C795-1104-4ED9-B7A7-85E5F233A5FE}.GCModeller(UNIX-Release_X64)|x86.ActiveCfg = Release|Any CPU
		{08E1C795-1104-4ED9-B7A7-85E5F233A5FE}.GCModeller(UNIX-Release_X64)|x86.Build.0 = Release|Any CPU
		{08E1C795-1104-4ED9-B7A7-85E5F233A5FE}.gcmodeller_desktop|Any CPU.ActiveCfg = Debug|Any CPU
		{08E1C795-1104-4ED9-B7A7-85E5F233A5FE}.gcmodeller_desktop|Any CPU.Build.0 = Debug|Any CPU
		{08E1C795-1104-4ED9-B7A7-85E5F233A5FE}.gcmodeller_desktop|x64.ActiveCfg = Debug|x64
		{08E1C795-1104-4ED9-B7A7-85E5F233A5FE}.gcmodeller_desktop|x64.Build.0 = Debug|x64
		{08E1C795-1104-4ED9-B7A7-85E5F233A5FE}.gcmodeller_desktop|x86.ActiveCfg = Debug|Any CPU
		{08E1C795-1104-4ED9-B7A7-85E5F233A5FE}.gcmodeller_desktop|x86.Build.0 = Debug|Any CPU
		{08E1C795-1104-4ED9-B7A7-85E5F233A5FE}.GTA5-game-test|Any CPU.ActiveCfg = Debug|Any CPU
		{08E1C795-1104-4ED9-B7A7-85E5F233A5FE}.GTA5-game-test|Any CPU.Build.0 = Debug|Any CPU
		{08E1C795-1104-4ED9-B7A7-85E5F233A5FE}.GTA5-game-test|x64.ActiveCfg = Debug|x64
		{08E1C795-1104-4ED9-B7A7-85E5F233A5FE}.GTA5-game-test|x64.Build.0 = Debug|x64
		{08E1C795-1104-4ED9-B7A7-85E5F233A5FE}.GTA5-game-test|x86.ActiveCfg = Debug|Any CPU
		{08E1C795-1104-4ED9-B7A7-85E5F233A5FE}.GTA5-game-test|x86.Build.0 = Debug|Any CPU
		{08E1C795-1104-4ED9-B7A7-85E5F233A5FE}.installer_x64|Any CPU.ActiveCfg = Debug|Any CPU
		{08E1C795-1104-4ED9-B7A7-85E5F233A5FE}.installer_x64|Any CPU.Build.0 = Debug|Any CPU
		{08E1C795-1104-4ED9-B7A7-85E5F233A5FE}.installer_x64|x64.ActiveCfg = Debug|x64
		{08E1C795-1104-4ED9-B7A7-85E5F233A5FE}.installer_x64|x64.Build.0 = Debug|x64
		{08E1C795-1104-4ED9-B7A7-85E5F233A5FE}.installer_x64|x86.ActiveCfg = Debug|Any CPU
		{08E1C795-1104-4ED9-B7A7-85E5F233A5FE}.installer_x64|x86.Build.0 = Debug|Any CPU
		{08E1C795-1104-4ED9-B7A7-85E5F233A5FE}.linux-profiler|Any CPU.ActiveCfg = Debug|Any CPU
		{08E1C795-1104-4ED9-B7A7-85E5F233A5FE}.linux-profiler|Any CPU.Build.0 = Debug|Any CPU
		{08E1C795-1104-4ED9-B7A7-85E5F233A5FE}.linux-profiler|x64.ActiveCfg = Debug|x64
		{08E1C795-1104-4ED9-B7A7-85E5F233A5FE}.linux-profiler|x64.Build.0 = Debug|x64
		{08E1C795-1104-4ED9-B7A7-85E5F233A5FE}.linux-profiler|x86.ActiveCfg = Debug|Any CPU
		{08E1C795-1104-4ED9-B7A7-85E5F233A5FE}.linux-profiler|x86.Build.0 = Debug|Any CPU
		{08E1C795-1104-4ED9-B7A7-85E5F233A5FE}.LipidSearch|Any CPU.ActiveCfg = Debug|Any CPU
		{08E1C795-1104-4ED9-B7A7-85E5F233A5FE}.LipidSearch|Any CPU.Build.0 = Debug|Any CPU
		{08E1C795-1104-4ED9-B7A7-85E5F233A5FE}.LipidSearch|x64.ActiveCfg = Debug|x64
		{08E1C795-1104-4ED9-B7A7-85E5F233A5FE}.LipidSearch|x64.Build.0 = Debug|x64
		{08E1C795-1104-4ED9-B7A7-85E5F233A5FE}.LipidSearch|x86.ActiveCfg = Debug|Any CPU
		{08E1C795-1104-4ED9-B7A7-85E5F233A5FE}.LipidSearch|x86.Build.0 = Debug|Any CPU
		{08E1C795-1104-4ED9-B7A7-85E5F233A5FE}.MetaCardio|Any CPU.ActiveCfg = mzkit_win32|Any CPU
		{08E1C795-1104-4ED9-B7A7-85E5F233A5FE}.MetaCardio|Any CPU.Build.0 = mzkit_win32|Any CPU
		{08E1C795-1104-4ED9-B7A7-85E5F233A5FE}.MetaCardio|x64.ActiveCfg = mzkit_win32|x64
		{08E1C795-1104-4ED9-B7A7-85E5F233A5FE}.MetaCardio|x64.Build.0 = mzkit_win32|x64
		{08E1C795-1104-4ED9-B7A7-85E5F233A5FE}.MetaCardio|x86.ActiveCfg = mzkit_win32|Any CPU
		{08E1C795-1104-4ED9-B7A7-85E5F233A5FE}.MetaCardio|x86.Build.0 = mzkit_win32|Any CPU
		{08E1C795-1104-4ED9-B7A7-85E5F233A5FE}.mysqli_X64_release|Any CPU.ActiveCfg = mzkit_win32|Any CPU
		{08E1C795-1104-4ED9-B7A7-85E5F233A5FE}.mysqli_X64_release|Any CPU.Build.0 = mzkit_win32|Any CPU
		{08E1C795-1104-4ED9-B7A7-85E5F233A5FE}.mysqli_X64_release|x64.ActiveCfg = mzkit_win32|x64
		{08E1C795-1104-4ED9-B7A7-85E5F233A5FE}.mysqli_X64_release|x64.Build.0 = mzkit_win32|x64
		{08E1C795-1104-4ED9-B7A7-85E5F233A5FE}.mysqli_X64_release|x86.ActiveCfg = mzkit_win32|Any CPU
		{08E1C795-1104-4ED9-B7A7-85E5F233A5FE}.mysqli_X64_release|x86.Build.0 = mzkit_win32|Any CPU
		{08E1C795-1104-4ED9-B7A7-85E5F233A5FE}.mzkit_UnixDocker|Any CPU.ActiveCfg = mzkit_win32|Any CPU
		{08E1C795-1104-4ED9-B7A7-85E5F233A5FE}.mzkit_UnixDocker|Any CPU.Build.0 = mzkit_win32|Any CPU
		{08E1C795-1104-4ED9-B7A7-85E5F233A5FE}.mzkit_UnixDocker|x64.ActiveCfg = mzkit_win32|x64
		{08E1C795-1104-4ED9-B7A7-85E5F233A5FE}.mzkit_UnixDocker|x64.Build.0 = mzkit_win32|x64
		{08E1C795-1104-4ED9-B7A7-85E5F233A5FE}.mzkit_UnixDocker|x86.ActiveCfg = mzkit_win32|Any CPU
		{08E1C795-1104-4ED9-B7A7-85E5F233A5FE}.mzkit_UnixDocker|x86.Build.0 = mzkit_win32|Any CPU
		{08E1C795-1104-4ED9-B7A7-85E5F233A5FE}.mzkit_win32|Any CPU.ActiveCfg = mzkit_win32|Any CPU
		{08E1C795-1104-4ED9-B7A7-85E5F233A5FE}.mzkit_win32|Any CPU.Build.0 = mzkit_win32|Any CPU
		{08E1C795-1104-4ED9-B7A7-85E5F233A5FE}.mzkit_win32|x64.ActiveCfg = mzkit_win32|x64
		{08E1C795-1104-4ED9-B7A7-85E5F233A5FE}.mzkit_win32|x64.Build.0 = mzkit_win32|x64
		{08E1C795-1104-4ED9-B7A7-85E5F233A5FE}.mzkit_win32|x86.ActiveCfg = mzkit_win32|Any CPU
		{08E1C795-1104-4ED9-B7A7-85E5F233A5FE}.mzkit_win32|x86.Build.0 = mzkit_win32|Any CPU
		{08E1C795-1104-4ED9-B7A7-85E5F233A5FE}.mzkit|Any CPU.ActiveCfg = mzkit_win32|Any CPU
		{08E1C795-1104-4ED9-B7A7-85E5F233A5FE}.mzkit|Any CPU.Build.0 = mzkit_win32|Any CPU
		{08E1C795-1104-4ED9-B7A7-85E5F233A5FE}.mzkit|x64.ActiveCfg = mzkit_win32|x64
		{08E1C795-1104-4ED9-B7A7-85E5F233A5FE}.mzkit|x64.Build.0 = mzkit_win32|x64
		{08E1C795-1104-4ED9-B7A7-85E5F233A5FE}.mzkit|x86.ActiveCfg = mzkit_win32|Any CPU
		{08E1C795-1104-4ED9-B7A7-85E5F233A5FE}.mzkit|x86.Build.0 = mzkit_win32|Any CPU
		{08E1C795-1104-4ED9-B7A7-85E5F233A5FE}.node-debug|Any CPU.ActiveCfg = Debug|Any CPU
		{08E1C795-1104-4ED9-B7A7-85E5F233A5FE}.node-debug|Any CPU.Build.0 = Debug|Any CPU
		{08E1C795-1104-4ED9-B7A7-85E5F233A5FE}.node-debug|x64.ActiveCfg = Debug|x64
		{08E1C795-1104-4ED9-B7A7-85E5F233A5FE}.node-debug|x64.Build.0 = Debug|x64
		{08E1C795-1104-4ED9-B7A7-85E5F233A5FE}.node-debug|x86.ActiveCfg = Debug|Any CPU
		{08E1C795-1104-4ED9-B7A7-85E5F233A5FE}.node-debug|x86.Build.0 = Debug|Any CPU
		{08E1C795-1104-4ED9-B7A7-85E5F233A5FE}.NPSearch|Any CPU.ActiveCfg = Debug|Any CPU
		{08E1C795-1104-4ED9-B7A7-85E5F233A5FE}.NPSearch|Any CPU.Build.0 = Debug|Any CPU
		{08E1C795-1104-4ED9-B7A7-85E5F233A5FE}.NPSearch|x64.ActiveCfg = Debug|x64
		{08E1C795-1104-4ED9-B7A7-85E5F233A5FE}.NPSearch|x64.Build.0 = Debug|x64
		{08E1C795-1104-4ED9-B7A7-85E5F233A5FE}.NPSearch|x86.ActiveCfg = Debug|Any CPU
		{08E1C795-1104-4ED9-B7A7-85E5F233A5FE}.NPSearch|x86.Build.0 = Debug|Any CPU
		{08E1C795-1104-4ED9-B7A7-85E5F233A5FE}.nuget_release|Any CPU.ActiveCfg = Debug|Any CPU
		{08E1C795-1104-4ED9-B7A7-85E5F233A5FE}.nuget_release|Any CPU.Build.0 = Debug|Any CPU
		{08E1C795-1104-4ED9-B7A7-85E5F233A5FE}.nuget_release|x64.ActiveCfg = Debug|x64
		{08E1C795-1104-4ED9-B7A7-85E5F233A5FE}.nuget_release|x64.Build.0 = Debug|x64
		{08E1C795-1104-4ED9-B7A7-85E5F233A5FE}.nuget_release|x86.ActiveCfg = Debug|Any CPU
		{08E1C795-1104-4ED9-B7A7-85E5F233A5FE}.nuget_release|x86.Build.0 = Debug|Any CPU
		{08E1C795-1104-4ED9-B7A7-85E5F233A5FE}.PlantMAT|Any CPU.ActiveCfg = Debug|Any CPU
		{08E1C795-1104-4ED9-B7A7-85E5F233A5FE}.PlantMAT|Any CPU.Build.0 = Debug|Any CPU
		{08E1C795-1104-4ED9-B7A7-85E5F233A5FE}.PlantMAT|x64.ActiveCfg = Debug|x64
		{08E1C795-1104-4ED9-B7A7-85E5F233A5FE}.PlantMAT|x64.Build.0 = Debug|x64
		{08E1C795-1104-4ED9-B7A7-85E5F233A5FE}.PlantMAT|x86.ActiveCfg = Debug|Any CPU
		{08E1C795-1104-4ED9-B7A7-85E5F233A5FE}.PlantMAT|x86.Build.0 = Debug|Any CPU
		{08E1C795-1104-4ED9-B7A7-85E5F233A5FE}.ProteoWizard.d|Any CPU.ActiveCfg = Debug|Any CPU
		{08E1C795-1104-4ED9-B7A7-85E5F233A5FE}.ProteoWizard.d|Any CPU.Build.0 = Debug|Any CPU
		{08E1C795-1104-4ED9-B7A7-85E5F233A5FE}.ProteoWizard.d|x64.ActiveCfg = Debug|x64
		{08E1C795-1104-4ED9-B7A7-85E5F233A5FE}.ProteoWizard.d|x64.Build.0 = Debug|x64
		{08E1C795-1104-4ED9-B7A7-85E5F233A5FE}.ProteoWizard.d|x86.ActiveCfg = Debug|Any CPU
		{08E1C795-1104-4ED9-B7A7-85E5F233A5FE}.ProteoWizard.d|x86.Build.0 = Debug|Any CPU
		{08E1C795-1104-4ED9-B7A7-85E5F233A5FE}.Publish|Any CPU.ActiveCfg = Debug|Any CPU
		{08E1C795-1104-4ED9-B7A7-85E5F233A5FE}.Publish|Any CPU.Build.0 = Debug|Any CPU
		{08E1C795-1104-4ED9-B7A7-85E5F233A5FE}.Publish|x64.ActiveCfg = Debug|x64
		{08E1C795-1104-4ED9-B7A7-85E5F233A5FE}.Publish|x64.Build.0 = Debug|x64
		{08E1C795-1104-4ED9-B7A7-85E5F233A5FE}.Publish|x86.ActiveCfg = Debug|Any CPU
		{08E1C795-1104-4ED9-B7A7-85E5F233A5FE}.Publish|x86.Build.0 = Debug|Any CPU
		{08E1C795-1104-4ED9-B7A7-85E5F233A5FE}.R-dotnet|Any CPU.ActiveCfg = Rsharp_app_release|Any CPU
		{08E1C795-1104-4ED9-B7A7-85E5F233A5FE}.R-dotnet|Any CPU.Build.0 = Rsharp_app_release|Any CPU
		{08E1C795-1104-4ED9-B7A7-85E5F233A5FE}.R-dotnet|x64.ActiveCfg = Rsharp_app_release|x64
		{08E1C795-1104-4ED9-B7A7-85E5F233A5FE}.R-dotnet|x64.Build.0 = Rsharp_app_release|x64
		{08E1C795-1104-4ED9-B7A7-85E5F233A5FE}.R-dotnet|x86.ActiveCfg = Rsharp_app_release|Any CPU
		{08E1C795-1104-4ED9-B7A7-85E5F233A5FE}.R-dotnet|x86.Build.0 = Rsharp_app_release|Any CPU
		{08E1C795-1104-4ED9-B7A7-85E5F233A5FE}.Release|Any CPU.ActiveCfg = Release|Any CPU
		{08E1C795-1104-4ED9-B7A7-85E5F233A5FE}.Release|Any CPU.Build.0 = Release|Any CPU
		{08E1C795-1104-4ED9-B7A7-85E5F233A5FE}.Release|x64.ActiveCfg = Release|x64
		{08E1C795-1104-4ED9-B7A7-85E5F233A5FE}.Release|x64.Build.0 = Release|x64
		{08E1C795-1104-4ED9-B7A7-85E5F233A5FE}.Release|x86.ActiveCfg = Release|Any CPU
		{08E1C795-1104-4ED9-B7A7-85E5F233A5FE}.Release|x86.Build.0 = Release|Any CPU
		{08E1C795-1104-4ED9-B7A7-85E5F233A5FE}.Rsharp_app_release|Any CPU.ActiveCfg = Rsharp_app_release|Any CPU
		{08E1C795-1104-4ED9-B7A7-85E5F233A5FE}.Rsharp_app_release|Any CPU.Build.0 = Rsharp_app_release|Any CPU
		{08E1C795-1104-4ED9-B7A7-85E5F233A5FE}.Rsharp_app_release|x64.ActiveCfg = Rsharp_app_release|x64
		{08E1C795-1104-4ED9-B7A7-85E5F233A5FE}.Rsharp_app_release|x64.Build.0 = Rsharp_app_release|x64
		{08E1C795-1104-4ED9-B7A7-85E5F233A5FE}.Rsharp_app_release|x86.ActiveCfg = Rsharp_app_release|Any CPU
		{08E1C795-1104-4ED9-B7A7-85E5F233A5FE}.Rsharp_app_release|x86.Build.0 = Rsharp_app_release|Any CPU
		{08E1C795-1104-4ED9-B7A7-85E5F233A5FE}.RsharpDev|Any CPU.ActiveCfg = Rsharp_app_release|Any CPU
		{08E1C795-1104-4ED9-B7A7-85E5F233A5FE}.RsharpDev|Any CPU.Build.0 = Rsharp_app_release|Any CPU
		{08E1C795-1104-4ED9-B7A7-85E5F233A5FE}.RsharpDev|x64.ActiveCfg = Rsharp_app_release|x64
		{08E1C795-1104-4ED9-B7A7-85E5F233A5FE}.RsharpDev|x64.Build.0 = Rsharp_app_release|x64
		{08E1C795-1104-4ED9-B7A7-85E5F233A5FE}.RsharpDev|x86.ActiveCfg = Rsharp_app_release|Any CPU
		{08E1C795-1104-4ED9-B7A7-85E5F233A5FE}.RsharpDev|x86.Build.0 = Rsharp_app_release|Any CPU
		{08E1C795-1104-4ED9-B7A7-85E5F233A5FE}.sciBASIC.NET-test-release|Any CPU.ActiveCfg = Debug|Any CPU
		{08E1C795-1104-4ED9-B7A7-85E5F233A5FE}.sciBASIC.NET-test-release|Any CPU.Build.0 = Debug|Any CPU
		{08E1C795-1104-4ED9-B7A7-85E5F233A5FE}.sciBASIC.NET-test-release|x64.ActiveCfg = Debug|x64
		{08E1C795-1104-4ED9-B7A7-85E5F233A5FE}.sciBASIC.NET-test-release|x64.Build.0 = Debug|x64
		{08E1C795-1104-4ED9-B7A7-85E5F233A5FE}.sciBASIC.NET-test-release|x86.ActiveCfg = Debug|Any CPU
		{08E1C795-1104-4ED9-B7A7-85E5F233A5FE}.sciBASIC.NET-test-release|x86.Build.0 = Debug|Any CPU
		{08E1C795-1104-4ED9-B7A7-85E5F233A5FE}.Surveillance-of-infectious-diseases|Any CPU.ActiveCfg = Debug|Any CPU
		{08E1C795-1104-4ED9-B7A7-85E5F233A5FE}.Surveillance-of-infectious-diseases|Any CPU.Build.0 = Debug|Any CPU
		{08E1C795-1104-4ED9-B7A7-85E5F233A5FE}.Surveillance-of-infectious-diseases|x64.ActiveCfg = Debug|x64
		{08E1C795-1104-4ED9-B7A7-85E5F233A5FE}.Surveillance-of-infectious-diseases|x64.Build.0 = Debug|x64
		{08E1C795-1104-4ED9-B7A7-85E5F233A5FE}.Surveillance-of-infectious-diseases|x86.ActiveCfg = Debug|Any CPU
		{08E1C795-1104-4ED9-B7A7-85E5F233A5FE}.Surveillance-of-infectious-diseases|x86.Build.0 = Debug|Any CPU
		{08E1C795-1104-4ED9-B7A7-85E5F233A5FE}.test|Any CPU.ActiveCfg = Debug|Any CPU
		{08E1C795-1104-4ED9-B7A7-85E5F233A5FE}.test|Any CPU.Build.0 = Debug|Any CPU
		{08E1C795-1104-4ED9-B7A7-85E5F233A5FE}.test|x64.ActiveCfg = Debug|x64
		{08E1C795-1104-4ED9-B7A7-85E5F233A5FE}.test|x64.Build.0 = Debug|x64
		{08E1C795-1104-4ED9-B7A7-85E5F233A5FE}.test|x86.ActiveCfg = Debug|Any CPU
		{08E1C795-1104-4ED9-B7A7-85E5F233A5FE}.test|x86.Build.0 = Debug|Any CPU
		{08E1C795-1104-4ED9-B7A7-85E5F233A5FE}.vcellkit|Any CPU.ActiveCfg = Debug|Any CPU
		{08E1C795-1104-4ED9-B7A7-85E5F233A5FE}.vcellkit|Any CPU.Build.0 = Debug|Any CPU
		{08E1C795-1104-4ED9-B7A7-85E5F233A5FE}.vcellkit|x64.ActiveCfg = Debug|x64
		{08E1C795-1104-4ED9-B7A7-85E5F233A5FE}.vcellkit|x64.Build.0 = Debug|x64
		{08E1C795-1104-4ED9-B7A7-85E5F233A5FE}.vcellkit|x86.ActiveCfg = Debug|Any CPU
		{08E1C795-1104-4ED9-B7A7-85E5F233A5FE}.vcellkit|x86.Build.0 = Debug|Any CPU
		{08E1C795-1104-4ED9-B7A7-85E5F233A5FE}.Voyager1|Any CPU.ActiveCfg = Debug|Any CPU
		{08E1C795-1104-4ED9-B7A7-85E5F233A5FE}.Voyager1|Any CPU.Build.0 = Debug|Any CPU
		{08E1C795-1104-4ED9-B7A7-85E5F233A5FE}.Voyager1|x64.ActiveCfg = Debug|x64
		{08E1C795-1104-4ED9-B7A7-85E5F233A5FE}.Voyager1|x64.Build.0 = Debug|x64
		{08E1C795-1104-4ED9-B7A7-85E5F233A5FE}.Voyager1|x86.ActiveCfg = Debug|Any CPU
		{08E1C795-1104-4ED9-B7A7-85E5F233A5FE}.Voyager1|x86.Build.0 = Debug|Any CPU
		{08E1C795-1104-4ED9-B7A7-85E5F233A5FE}.WebAssembly|Any CPU.ActiveCfg = Debug|Any CPU
		{08E1C795-1104-4ED9-B7A7-85E5F233A5FE}.WebAssembly|Any CPU.Build.0 = Debug|Any CPU
		{08E1C795-1104-4ED9-B7A7-85E5F233A5FE}.WebAssembly|x64.ActiveCfg = Debug|x64
		{08E1C795-1104-4ED9-B7A7-85E5F233A5FE}.WebAssembly|x64.Build.0 = Debug|x64
		{08E1C795-1104-4ED9-B7A7-85E5F233A5FE}.WebAssembly|x86.ActiveCfg = Debug|Any CPU
		{08E1C795-1104-4ED9-B7A7-85E5F233A5FE}.WebAssembly|x86.Build.0 = Debug|Any CPU
		{08E1C795-1104-4ED9-B7A7-85E5F233A5FE}.Yilia-Release_x64|Any CPU.ActiveCfg = Release|Any CPU
		{08E1C795-1104-4ED9-B7A7-85E5F233A5FE}.Yilia-Release_x64|Any CPU.Build.0 = Release|Any CPU
		{08E1C795-1104-4ED9-B7A7-85E5F233A5FE}.Yilia-Release_x64|x64.ActiveCfg = Release|x64
		{08E1C795-1104-4ED9-B7A7-85E5F233A5FE}.Yilia-Release_x64|x64.Build.0 = Release|x64
		{08E1C795-1104-4ED9-B7A7-85E5F233A5FE}.Yilia-Release_x64|x86.ActiveCfg = Release|Any CPU
		{08E1C795-1104-4ED9-B7A7-85E5F233A5FE}.Yilia-Release_x64|x86.Build.0 = Release|Any CPU
	EndGlobalSection
	GlobalSection(SolutionProperties) = preSolution
		HideSolutionNode = FALSE
	EndGlobalSection
	GlobalSection(NestedProjects) = preSolution
		{52CE44C3-81CB-487D-8017-846D33448C34} = {AC1A8044-AB9D-44B2-B570-FBA3A6176545}
	EndGlobalSection
	GlobalSection(ExtensibilityGlobals) = postSolution
		SolutionGuid = {92997C9E-8042-4160-BE13-D1D3496475EE}
	EndGlobalSection
EndGlobal
